// !$*UTF8*$!
{
	archiveVersion = 1;
	classes = {
	};
	objectVersion = 55;
	objects = {

/* Begin PBXBuildFile section */
		142F4DD42935AF4700B6F69E /* AppDelegate.swift in Sources */ = {isa = PBXBuildFile; fileRef = 142F4DD32935AF4700B6F69E /* AppDelegate.swift */; };
		142F4DD62935AF4700B6F69E /* SceneDelegate.swift in Sources */ = {isa = PBXBuildFile; fileRef = 142F4DD52935AF4700B6F69E /* SceneDelegate.swift */; };
		142F4DD82935AF4700B6F69E /* ViewController.swift in Sources */ = {isa = PBXBuildFile; fileRef = 142F4DD72935AF4700B6F69E /* ViewController.swift */; };
		142F4DDD2935AF4900B6F69E /* Assets.xcassets in Resources */ = {isa = PBXBuildFile; fileRef = 142F4DDC2935AF4900B6F69E /* Assets.xcassets */; };
		142F4DE02935AF4900B6F69E /* LaunchScreen.storyboard in Resources */ = {isa = PBXBuildFile; fileRef = 142F4DDE2935AF4900B6F69E /* LaunchScreen.storyboard */; };
		142F4DE92935B19900B6F69E /* SnapKit in Frameworks */ = {isa = PBXBuildFile; productRef = 142F4DE82935B19900B6F69E /* SnapKit */; };
		142F4DEC2935B1E200B6F69E /* Alamofire in Frameworks */ = {isa = PBXBuildFile; productRef = 142F4DEB2935B1E200B6F69E /* Alamofire */; };
/* End PBXBuildFile section */

/* Begin PBXFileReference section */
		142F4DD02935AF4700B6F69E /* SubwayArrivalInfo.app */ = {isa = PBXFileReference; explicitFileType = wrapper.application; includeInIndex = 0; path = SubwayArrivalInfo.app; sourceTree = BUILT_PRODUCTS_DIR; };
		142F4DD32935AF4700B6F69E /* AppDelegate.swift */ = {isa = PBXFileReference; lastKnownFileType = sourcecode.swift; path = AppDelegate.swift; sourceTree = "<group>"; };
		142F4DD52935AF4700B6F69E /* SceneDelegate.swift */ = {isa = PBXFileReference; lastKnownFileType = sourcecode.swift; path = SceneDelegate.swift; sourceTree = "<group>"; };
		142F4DD72935AF4700B6F69E /* ViewController.swift */ = {isa = PBXFileReference; lastKnownFileType = sourcecode.swift; path = ViewController.swift; sourceTree = "<group>"; };
		142F4DDC2935AF4900B6F69E /* Assets.xcassets */ = {isa = PBXFileReference; lastKnownFileType = folder.assetcatalog; path = Assets.xcassets; sourceTree = "<group>"; };
		142F4DDF2935AF4900B6F69E /* Base */ = {isa = PBXFileReference; lastKnownFileType = file.storyboard; name = Base; path = Base.lproj/LaunchScreen.storyboard; sourceTree = "<group>"; };
		142F4DE12935AF4900B6F69E /* Info.plist */ = {isa = PBXFileReference; lastKnownFileType = text.plist.xml; path = Info.plist; sourceTree = "<group>"; };
/* End PBXFileReference section */

/* Begin PBXFrameworksBuildPhase section */
		142F4DCD2935AF4600B6F69E /* Frameworks */ = {
			isa = PBXFrameworksBuildPhase;
			buildActionMask = 2147483647;
			files = (
				142F4DE92935B19900B6F69E /* SnapKit in Frameworks */,
				142F4DEC2935B1E200B6F69E /* Alamofire in Frameworks */,
			);
			runOnlyForDeploymentPostprocessing = 0;
		};
/* End PBXFrameworksBuildPhase section */

/* Begin PBXGroup section */
		142F4DC72935AF4600B6F69E = {
			isa = PBXGroup;
			children = (
				142F4DD22935AF4700B6F69E /* SubwayArrivalInfo */,
				142F4DD12935AF4700B6F69E /* Products */,
			);
			sourceTree = "<group>";
		};
		142F4DD12935AF4700B6F69E /* Products */ = {
			isa = PBXGroup;
			children = (
				142F4DD02935AF4700B6F69E /* SubwayArrivalInfo.app */,
			);
			name = Products;
			sourceTree = "<group>";
		};
		142F4DD22935AF4700B6F69E /* SubwayArrivalInfo */ = {
			isa = PBXGroup;
			children = (
				142F4DD32935AF4700B6F69E /* AppDelegate.swift */,
				142F4DD52935AF4700B6F69E /* SceneDelegate.swift */,
				142F4DD72935AF4700B6F69E /* ViewController.swift */,
				142F4DDC2935AF4900B6F69E /* Assets.xcassets */,
				142F4DDE2935AF4900B6F69E /* LaunchScreen.storyboard */,
				142F4DE12935AF4900B6F69E /* Info.plist */,
			);
			path = SubwayArrivalInfo;
			sourceTree = "<group>";
		};
/* End PBXGroup section */

/* Begin PBXNativeTarget section */
		142F4DCF2935AF4600B6F69E /* SubwayArrivalInfo */ = {
			isa = PBXNativeTarget;
			buildConfigurationList = 142F4DE42935AF4900B6F69E /* Build configuration list for PBXNativeTarget "SubwayArrivalInfo" */;
			buildPhases = (
				142F4DCC2935AF4600B6F69E /* Sources */,
				142F4DCD2935AF4600B6F69E /* Frameworks */,
				142F4DCE2935AF4600B6F69E /* Resources */,
			);
			buildRules = (
			);
			dependencies = (
			);
			name = SubwayArrivalInfo;
			packageProductDependencies = (
				142F4DE82935B19900B6F69E /* SnapKit */,
				142F4DEB2935B1E200B6F69E /* Alamofire */,
			);
			productName = SubwayArrivalInfo;
			productReference = 142F4DD02935AF4700B6F69E /* SubwayArrivalInfo.app */;
			productType = "com.apple.product-type.application";
		};
/* End PBXNativeTarget section */

/* Begin PBXProject section */
		142F4DC82935AF4600B6F69E /* Project object */ = {
			isa = PBXProject;
			attributes = {
				BuildIndependentTargetsInParallel = 1;
				LastSwiftUpdateCheck = 1340;
				LastUpgradeCheck = 1340;
				TargetAttributes = {
					142F4DCF2935AF4600B6F69E = {
						CreatedOnToolsVersion = 13.4.1;
					};
				};
			};
			buildConfigurationList = 142F4DCB2935AF4600B6F69E /* Build configuration list for PBXProject "SubwayArrivalInfo" */;
			compatibilityVersion = "Xcode 13.0";
			developmentRegion = en;
			hasScannedForEncodings = 0;
			knownRegions = (
				en,
				Base,
			);
			mainGroup = 142F4DC72935AF4600B6F69E;
			packageReferences = (
				142F4DE72935B19900B6F69E /* XCRemoteSwiftPackageReference "SnapKit" */,
				142F4DEA2935B1E200B6F69E /* XCRemoteSwiftPackageReference "Alamofire" */,
			);
			productRefGroup = 142F4DD12935AF4700B6F69E /* Products */;
			projectDirPath = "";
			projectRoot = "";
			targets = (
				142F4DCF2935AF4600B6F69E /* SubwayArrivalInfo */,
			);
		};
/* End PBXProject section */

/* Begin PBXResourcesBuildPhase section */
		142F4DCE2935AF4600B6F69E /* Resources */ = {
			isa = PBXResourcesBuildPhase;
			buildActionMask = 2147483647;
			files = (
				142F4DE02935AF4900B6F69E /* LaunchScreen.storyboard in Resources */,
				142F4DDD2935AF4900B6F69E /* Assets.xcassets in Resources */,
			);
			runOnlyForDeploymentPostprocessing = 0;
		};
/* End PBXResourcesBuildPhase section */

/* Begin PBXSourcesBuildPhase section */
		142F4DCC2935AF4600B6F69E /* Sources */ = {
			isa = PBXSourcesBuildPhase;
			buildActionMask = 2147483647;
			files = (
				142F4DD82935AF4700B6F69E /* ViewController.swift in Sources */,
				142F4DD42935AF4700B6F69E /* AppDelegate.swift in Sources */,
				142F4DD62935AF4700B6F69E /* SceneDelegate.swift in Sources */,
			);
			runOnlyForDeploymentPostprocessing = 0;
		};
/* End PBXSourcesBuildPhase section */

/* Begin PBXVariantGroup section */
		142F4DDE2935AF4900B6F69E /* LaunchScreen.storyboard */ = {
			isa = PBXVariantGroup;
			children = (
				142F4DDF2935AF4900B6F69E /* Base */,
			);
			name = LaunchScreen.storyboard;
			sourceTree = "<group>";
		};
/* End PBXVariantGroup section */

/* Begin XCBuildConfiguration section */
		142F4DE22935AF4900B6F69E /* Debug */ = {
			isa = XCBuildConfiguration;
			buildSettings = {
				ALWAYS_SEARCH_USER_PATHS = NO;
				CLANG_ANALYZER_NONNULL = YES;
				CLANG_ANALYZER_NUMBER_OBJECT_CONVERSION = YES_AGGRESSIVE;
				CLANG_CXX_LANGUAGE_STANDARD = "gnu++17";
				CLANG_ENABLE_MODULES = YES;
				CLANG_ENABLE_OBJC_ARC = YES;
				CLANG_ENABLE_OBJC_WEAK = YES;
				CLANG_WARN_BLOCK_CAPTURE_AUTORELEASING = YES;
				CLANG_WARN_BOOL_CONVERSION = YES;
				CLANG_WARN_COMMA = YES;
				CLANG_WARN_CONSTANT_CONVERSION = YES;
				CLANG_WARN_DEPRECATED_OBJC_IMPLEMENTATIONS = YES;
				CLANG_WARN_DIRECT_OBJC_ISA_USAGE = YES_ERROR;
				CLANG_WARN_DOCUMENTATION_COMMENTS = YES;
				CLANG_WARN_EMPTY_BODY = YES;
				CLANG_WARN_ENUM_CONVERSION = YES;
				CLANG_WARN_INFINITE_RECURSION = YES;
				CLANG_WARN_INT_CONVERSION = YES;
				CLANG_WARN_NON_LITERAL_NULL_CONVERSION = YES;
				CLANG_WARN_OBJC_IMPLICIT_RETAIN_SELF = YES;
				CLANG_WARN_OBJC_LITERAL_CONVERSION = YES;
				CLANG_WARN_OBJC_ROOT_CLASS = YES_ERROR;
				CLANG_WARN_QUOTED_INCLUDE_IN_FRAMEWORK_HEADER = YES;
				CLANG_WARN_RANGE_LOOP_ANALYSIS = YES;
				CLANG_WARN_STRICT_PROTOTYPES = YES;
				CLANG_WARN_SUSPICIOUS_MOVE = YES;
				CLANG_WARN_UNGUARDED_AVAILABILITY = YES_AGGRESSIVE;
				CLANG_WARN_UNREACHABLE_CODE = YES;
				CLANG_WARN__DUPLICATE_METHOD_MATCH = YES;
				COPY_PHASE_STRIP = NO;
				DEBUG_INFORMATION_FORMAT = dwarf;
				ENABLE_STRICT_OBJC_MSGSEND = YES;
				ENABLE_TESTABILITY = YES;
				GCC_C_LANGUAGE_STANDARD = gnu11;
				GCC_DYNAMIC_NO_PIC = NO;
				GCC_NO_COMMON_BLOCKS = YES;
				GCC_OPTIMIZATION_LEVEL = 0;
				GCC_PREPROCESSOR_DEFINITIONS = (
					"DEBUG=1",
					"$(inherited)",
				);
				GCC_WARN_64_TO_32_BIT_CONVERSION = YES;
				GCC_WARN_ABOUT_RETURN_TYPE = YES_ERROR;
				GCC_WARN_UNDECLARED_SELECTOR = YES;
				GCC_WARN_UNINITIALIZED_AUTOS = YES_AGGRESSIVE;
				GCC_WARN_UNUSED_FUNCTION = YES;
				GCC_WARN_UNUSED_VARIABLE = YES;
				IPHONEOS_DEPLOYMENT_TARGET = 15.5;
				MTL_ENABLE_DEBUG_INFO = INCLUDE_SOURCE;
				MTL_FAST_MATH = YES;
				ONLY_ACTIVE_ARCH = YES;
				SDKROOT = iphoneos;
				SWIFT_ACTIVE_COMPILATION_CONDITIONS = DEBUG;
				SWIFT_OPTIMIZATION_LEVEL = "-Onone";
			};
			name = Debug;
		};
		142F4DE32935AF4900B6F69E /* Release */ = {
			isa = XCBuildConfiguration;
			buildSettings = {
				ALWAYS_SEARCH_USER_PATHS = NO;
				CLANG_ANALYZER_NONNULL = YES;
				CLANG_ANALYZER_NUMBER_OBJECT_CONVERSION = YES_AGGRESSIVE;
				CLANG_CXX_LANGUAGE_STANDARD = "gnu++17";
				CLANG_ENABLE_MODULES = YES;
				CLANG_ENABLE_OBJC_ARC = YES;
				CLANG_ENABLE_OBJC_WEAK = YES;
				CLANG_WARN_BLOCK_CAPTURE_AUTORELEASING = YES;
				CLANG_WARN_BOOL_CONVERSION = YES;
				CLANG_WARN_COMMA = YES;
				CLANG_WARN_CONSTANT_CONVERSION = YES;
				CLANG_WARN_DEPRECATED_OBJC_IMPLEMENTATIONS = YES;
				CLANG_WARN_DIRECT_OBJC_ISA_USAGE = YES_ERROR;
				CLANG_WARN_DOCUMENTATION_COMMENTS = YES;
				CLANG_WARN_EMPTY_BODY = YES;
				CLANG_WARN_ENUM_CONVERSION = YES;
				CLANG_WARN_INFINITE_RECURSION = YES;
				CLANG_WARN_INT_CONVERSION = YES;
				CLANG_WARN_NON_LITERAL_NULL_CONVERSION = YES;
				CLANG_WARN_OBJC_IMPLICIT_RETAIN_SELF = YES;
				CLANG_WARN_OBJC_LITERAL_CONVERSION = YES;
				CLANG_WARN_OBJC_ROOT_CLASS = YES_ERROR;
				CLANG_WARN_QUOTED_INCLUDE_IN_FRAMEWORK_HEADER = YES;
				CLANG_WARN_RANGE_LOOP_ANALYSIS = YES;
				CLANG_WARN_STRICT_PROTOTYPES = YES;
				CLANG_WARN_SUSPICIOUS_MOVE = YES;
				CLANG_WARN_UNGUARDED_AVAILABILITY = YES_AGGRESSIVE;
				CLANG_WARN_UNREACHABLE_CODE = YES;
				CLANG_WARN__DUPLICATE_METHOD_MATCH = YES;
				COPY_PHASE_STRIP = NO;
				DEBUG_INFORMATION_FORMAT = "dwarf-with-dsym";
				ENABLE_NS_ASSERTIONS = NO;
				ENABLE_STRICT_OBJC_MSGSEND = YES;
				GCC_C_LANGUAGE_STANDARD = gnu11;
				GCC_NO_COMMON_BLOCKS = YES;
				GCC_WARN_64_TO_32_BIT_CONVERSION = YES;
				GCC_WARN_ABOUT_RETURN_TYPE = YES_ERROR;
				GCC_WARN_UNDECLARED_SELECTOR = YES;
				GCC_WARN_UNINITIALIZED_AUTOS = YES_AGGRESSIVE;
				GCC_WARN_UNUSED_FUNCTION = YES;
				GCC_WARN_UNUSED_VARIABLE = YES;
				IPHONEOS_DEPLOYMENT_TARGET = 15.5;
				MTL_ENABLE_DEBUG_INFO = NO;
				MTL_FAST_MATH = YES;
				SDKROOT = iphoneos;
				SWIFT_COMPILATION_MODE = wholemodule;
				SWIFT_OPTIMIZATION_LEVEL = "-O";
				VALIDATE_PRODUCT = YES;
			};
			name = Release;
		};
		142F4DE52935AF4900B6F69E /* Debug */ = {
			isa = XCBuildConfiguration;
			buildSettings = {
				ASSETCATALOG_COMPILER_APPICON_NAME = AppIcon;
				ASSETCATALOG_COMPILER_GLOBAL_ACCENT_COLOR_NAME = AccentColor;
				CODE_SIGN_STYLE = Automatic;
				CURRENT_PROJECT_VERSION = 1;
				DEVELOPMENT_TEAM = ZQV4ZDQNW5;
				GENERATE_INFOPLIST_FILE = YES;
				INFOPLIST_FILE = SubwayArrivalInfo/Info.plist;
				INFOPLIST_KEY_UIApplicationSupportsIndirectInputEvents = YES;
				INFOPLIST_KEY_UILaunchStoryboardName = LaunchScreen;
				INFOPLIST_KEY_UISupportedInterfaceOrientations_iPad = "UIInterfaceOrientationPortrait UIInterfaceOrientationPortraitUpsideDown UIInterfaceOrientationLandscapeLeft UIInterfaceOrientationLandscapeRight";
				INFOPLIST_KEY_UISupportedInterfaceOrientations_iPhone = "UIInterfaceOrientationPortrait UIInterfaceOrientationLandscapeLeft UIInterfaceOrientationLandscapeRight";
				LD_RUNPATH_SEARCH_PATHS = (
					"$(inherited)",
					"@executable_path/Frameworks",
				);
				MARKETING_VERSION = 1.0;
				PRODUCT_BUNDLE_IDENTIFIER = com.tistory.88yhtserof.SubwayArrivalInfo;
				PRODUCT_NAME = "$(TARGET_NAME)";
				SWIFT_EMIT_LOC_STRINGS = YES;
				SWIFT_VERSION = 5.0;
				TARGETED_DEVICE_FAMILY = "1,2";
			};
			name = Debug;
		};
		142F4DE62935AF4900B6F69E /* Release */ = {
			isa = XCBuildConfiguration;
			buildSettings = {
				ASSETCATALOG_COMPILER_APPICON_NAME = AppIcon;
				ASSETCATALOG_COMPILER_GLOBAL_ACCENT_COLOR_NAME = AccentColor;
				CODE_SIGN_STYLE = Automatic;
				CURRENT_PROJECT_VERSION = 1;
				DEVELOPMENT_TEAM = ZQV4ZDQNW5;
				GENERATE_INFOPLIST_FILE = YES;
				INFOPLIST_FILE = SubwayArrivalInfo/Info.plist;
				INFOPLIST_KEY_UIApplicationSupportsIndirectInputEvents = YES;
				INFOPLIST_KEY_UILaunchStoryboardName = LaunchScreen;
				INFOPLIST_KEY_UISupportedInterfaceOrientations_iPad = "UIInterfaceOrientationPortrait UIInterfaceOrientationPortraitUpsideDown UIInterfaceOrientationLandscapeLeft UIInterfaceOrientationLandscapeRight";
				INFOPLIST_KEY_UISupportedInterfaceOrientations_iPhone = "UIInterfaceOrientationPortrait UIInterfaceOrientationLandscapeLeft UIInterfaceOrientationLandscapeRight";
				LD_RUNPATH_SEARCH_PATHS = (
					"$(inherited)",
					"@executable_path/Frameworks",
				);
				MARKETING_VERSION = 1.0;
				PRODUCT_BUNDLE_IDENTIFIER = com.tistory.88yhtserof.SubwayArrivalInfo;
				PRODUCT_NAME = "$(TARGET_NAME)";
				SWIFT_EMIT_LOC_STRINGS = YES;
				SWIFT_VERSION = 5.0;
				TARGETED_DEVICE_FAMILY = "1,2";
			};
			name = Release;
		};
/* End XCBuildConfiguration section */

/* Begin XCConfigurationList section */
		142F4DCB2935AF4600B6F69E /* Build configuration list for PBXProject "SubwayArrivalInfo" */ = {
			isa = XCConfigurationList;
			buildConfigurations = (
				142F4DE22935AF4900B6F69E /* Debug */,
				142F4DE32935AF4900B6F69E /* Release */,
			);
			defaultConfigurationIsVisible = 0;
			defaultConfigurationName = Release;
		};
		142F4DE42935AF4900B6F69E /* Build configuration list for PBXNativeTarget "SubwayArrivalInfo" */ = {
			isa = XCConfigurationList;
			buildConfigurations = (
				142F4DE52935AF4900B6F69E /* Debug */,
				142F4DE62935AF4900B6F69E /* Release */,
			);
			defaultConfigurationIsVisible = 0;
			defaultConfigurationName = Release;
		};
/* End XCConfigurationList section */

/* Begin XCRemoteSwiftPackageReference section */
		142F4DE72935B19900B6F69E /* XCRemoteSwiftPackageReference "SnapKit" */ = {
			isa = XCRemoteSwiftPackageReference;
			repositoryURL = "https://github.com/SnapKit/SnapKit.git";
			requirement = {
				kind = exactVersion;
				version = 5.6.0;
			};
		};
		142F4DEA2935B1E200B6F69E /* XCRemoteSwiftPackageReference "Alamofire" */ = {
			isa = XCRemoteSwiftPackageReference;
			repositoryURL = "https://github.com/Alamofire/Alamofire.git";
			requirement = {
				kind = exactVersion;
				version = 5.6.4;
			};
		};
/* End XCRemoteSwiftPackageReference section */

/* Begin XCSwiftPackageProductDependency section */
		142F4DE82935B19900B6F69E /* SnapKit */ = {
			isa = XCSwiftPackageProductDependency;
			package = 142F4DE72935B19900B6F69E /* XCRemoteSwiftPackageReference "SnapKit" */;
			productName = SnapKit;
		};
		142F4DEB2935B1E200B6F69E /* Alamofire */ = {
			isa = XCSwiftPackageProductDependency;
			package = 142F4DEA2935B1E200B6F69E /* XCRemoteSwiftPackageReference "Alamofire" */;
			productName = Alamofire;
		};
/* End XCSwiftPackageProductDependency section */
	};
	rootObject = 142F4DC82935AF4600B6F69E /* Project object */;
}
