// !$*UTF8*$!
{
	archiveVersion = 1;
	classes = {
	};
	objectVersion = 56;
	objects = {

/* Begin PBXBuildFile section */
		1421F47029D6B2530016B6F6 /* AppDelegate.swift in Sources */ = {isa = PBXBuildFile; fileRef = 1421F46F29D6B2530016B6F6 /* AppDelegate.swift */; };
		1421F47229D6B2530016B6F6 /* SceneDelegate.swift in Sources */ = {isa = PBXBuildFile; fileRef = 1421F47129D6B2530016B6F6 /* SceneDelegate.swift */; };
		1421F47929D6B2540016B6F6 /* Assets.xcassets in Resources */ = {isa = PBXBuildFile; fileRef = 1421F47829D6B2540016B6F6 /* Assets.xcassets */; };
		1421F47C29D6B2540016B6F6 /* LaunchScreen.storyboard in Resources */ = {isa = PBXBuildFile; fileRef = 1421F47A29D6B2540016B6F6 /* LaunchScreen.storyboard */; };
		1421F48529D6B2A10016B6F6 /* RxCocoa in Frameworks */ = {isa = PBXBuildFile; productRef = 1421F48429D6B2A10016B6F6 /* RxCocoa */; };
		1421F48729D6B2A10016B6F6 /* RxRelay in Frameworks */ = {isa = PBXBuildFile; productRef = 1421F48629D6B2A10016B6F6 /* RxRelay */; };
		1421F48929D6B2A10016B6F6 /* RxSwift in Frameworks */ = {isa = PBXBuildFile; productRef = 1421F48829D6B2A10016B6F6 /* RxSwift */; };
		1421F48C29D6B2C40016B6F6 /* SnapKit in Frameworks */ = {isa = PBXBuildFile; productRef = 1421F48B29D6B2C40016B6F6 /* SnapKit */; };
		1421F48E29D6B34F0016B6F6 /* MainViewController.swift in Sources */ = {isa = PBXBuildFile; fileRef = 1421F48D29D6B34F0016B6F6 /* MainViewController.swift */; };
		1421F49029D6B45C0016B6F6 /* MainViewModel.swift in Sources */ = {isa = PBXBuildFile; fileRef = 1421F48F29D6B45C0016B6F6 /* MainViewModel.swift */; };
		1421F49429D6BC370016B6F6 /* TitleTextFieldCell.swift in Sources */ = {isa = PBXBuildFile; fileRef = 1421F49329D6BC370016B6F6 /* TitleTextFieldCell.swift */; };
		1421F49629D6BC560016B6F6 /* TitleTextFieldCellViewModel.swift in Sources */ = {isa = PBXBuildFile; fileRef = 1421F49529D6BC560016B6F6 /* TitleTextFieldCellViewModel.swift */; };
		1421F49929D6EBD30016B6F6 /* Category.swift in Sources */ = {isa = PBXBuildFile; fileRef = 1421F49829D6EBD30016B6F6 /* Category.swift */; };
/* End PBXBuildFile section */

/* Begin PBXFileReference section */
		1421F46C29D6B2530016B6F6 /* DaangnMarketplace.app */ = {isa = PBXFileReference; explicitFileType = wrapper.application; includeInIndex = 0; path = DaangnMarketplace.app; sourceTree = BUILT_PRODUCTS_DIR; };
		1421F46F29D6B2530016B6F6 /* AppDelegate.swift */ = {isa = PBXFileReference; lastKnownFileType = sourcecode.swift; path = AppDelegate.swift; sourceTree = "<group>"; };
		1421F47129D6B2530016B6F6 /* SceneDelegate.swift */ = {isa = PBXFileReference; lastKnownFileType = sourcecode.swift; path = SceneDelegate.swift; sourceTree = "<group>"; };
		1421F47829D6B2540016B6F6 /* Assets.xcassets */ = {isa = PBXFileReference; lastKnownFileType = folder.assetcatalog; path = Assets.xcassets; sourceTree = "<group>"; };
		1421F47B29D6B2540016B6F6 /* Base */ = {isa = PBXFileReference; lastKnownFileType = file.storyboard; name = Base; path = Base.lproj/LaunchScreen.storyboard; sourceTree = "<group>"; };
		1421F47D29D6B2540016B6F6 /* Info.plist */ = {isa = PBXFileReference; lastKnownFileType = text.plist.xml; path = Info.plist; sourceTree = "<group>"; };
		1421F48D29D6B34F0016B6F6 /* MainViewController.swift */ = {isa = PBXFileReference; lastKnownFileType = sourcecode.swift; path = MainViewController.swift; sourceTree = "<group>"; };
		1421F48F29D6B45C0016B6F6 /* MainViewModel.swift */ = {isa = PBXFileReference; lastKnownFileType = sourcecode.swift; path = MainViewModel.swift; sourceTree = "<group>"; };
		1421F49329D6BC370016B6F6 /* TitleTextFieldCell.swift */ = {isa = PBXFileReference; lastKnownFileType = sourcecode.swift; path = TitleTextFieldCell.swift; sourceTree = "<group>"; };
		1421F49529D6BC560016B6F6 /* TitleTextFieldCellViewModel.swift */ = {isa = PBXFileReference; lastKnownFileType = sourcecode.swift; path = TitleTextFieldCellViewModel.swift; sourceTree = "<group>"; };
		1421F49829D6EBD30016B6F6 /* Category.swift */ = {isa = PBXFileReference; lastKnownFileType = sourcecode.swift; path = Category.swift; sourceTree = "<group>"; };
/* End PBXFileReference section */

/* Begin PBXFrameworksBuildPhase section */
		1421F46929D6B2530016B6F6 /* Frameworks */ = {
			isa = PBXFrameworksBuildPhase;
			buildActionMask = 2147483647;
			files = (
				1421F48929D6B2A10016B6F6 /* RxSwift in Frameworks */,
				1421F48C29D6B2C40016B6F6 /* SnapKit in Frameworks */,
				1421F48729D6B2A10016B6F6 /* RxRelay in Frameworks */,
				1421F48529D6B2A10016B6F6 /* RxCocoa in Frameworks */,
			);
			runOnlyForDeploymentPostprocessing = 0;
		};
/* End PBXFrameworksBuildPhase section */

/* Begin PBXGroup section */
		1421F46329D6B2530016B6F6 = {
			isa = PBXGroup;
			children = (
				1421F46E29D6B2530016B6F6 /* DaangnMarketplace */,
				1421F46D29D6B2530016B6F6 /* Products */,
			);
			sourceTree = "<group>";
		};
		1421F46D29D6B2530016B6F6 /* Products */ = {
			isa = PBXGroup;
			children = (
				1421F46C29D6B2530016B6F6 /* DaangnMarketplace.app */,
			);
			name = Products;
			sourceTree = "<group>";
		};
		1421F46E29D6B2530016B6F6 /* DaangnMarketplace */ = {
			isa = PBXGroup;
			children = (
				1421F49729D6EBBC0016B6F6 /* Entity */,
				1421F49A29D6EC3B0016B6F6 /* Presentation */,
				1421F46F29D6B2530016B6F6 /* AppDelegate.swift */,
				1421F47129D6B2530016B6F6 /* SceneDelegate.swift */,
				1421F47829D6B2540016B6F6 /* Assets.xcassets */,
				1421F47A29D6B2540016B6F6 /* LaunchScreen.storyboard */,
				1421F47D29D6B2540016B6F6 /* Info.plist */,
			);
			path = DaangnMarketplace;
			sourceTree = "<group>";
		};
		1421F49129D6BBA50016B6F6 /* MainViewController */ = {
			isa = PBXGroup;
			children = (
				1421F48D29D6B34F0016B6F6 /* MainViewController.swift */,
				1421F48F29D6B45C0016B6F6 /* MainViewModel.swift */,
				1421F49229D6BC020016B6F6 /* TitleTextFieldCell */,
			);
			path = MainViewController;
			sourceTree = "<group>";
		};
		1421F49229D6BC020016B6F6 /* TitleTextFieldCell */ = {
			isa = PBXGroup;
			children = (
				1421F49329D6BC370016B6F6 /* TitleTextFieldCell.swift */,
				1421F49529D6BC560016B6F6 /* TitleTextFieldCellViewModel.swift */,
			);
			path = TitleTextFieldCell;
			sourceTree = "<group>";
		};
		1421F49729D6EBBC0016B6F6 /* Entity */ = {
			isa = PBXGroup;
			children = (
				1421F49829D6EBD30016B6F6 /* Category.swift */,
			);
			path = Entity;
			sourceTree = "<group>";
		};
		1421F49A29D6EC3B0016B6F6 /* Presentation */ = {
			isa = PBXGroup;
			children = (
				1421F49129D6BBA50016B6F6 /* MainViewController */,
			);
			path = Presentation;
			sourceTree = "<group>";
		};
/* End PBXGroup section */

/* Begin PBXNativeTarget section */
		1421F46B29D6B2530016B6F6 /* DaangnMarketplace */ = {
			isa = PBXNativeTarget;
			buildConfigurationList = 1421F48029D6B2540016B6F6 /* Build configuration list for PBXNativeTarget "DaangnMarketplace" */;
			buildPhases = (
				1421F46829D6B2530016B6F6 /* Sources */,
				1421F46929D6B2530016B6F6 /* Frameworks */,
				1421F46A29D6B2530016B6F6 /* Resources */,
			);
			buildRules = (
			);
			dependencies = (
			);
			name = DaangnMarketplace;
			packageProductDependencies = (
				1421F48429D6B2A10016B6F6 /* RxCocoa */,
				1421F48629D6B2A10016B6F6 /* RxRelay */,
				1421F48829D6B2A10016B6F6 /* RxSwift */,
				1421F48B29D6B2C40016B6F6 /* SnapKit */,
			);
			productName = DaangnMarketplace;
			productReference = 1421F46C29D6B2530016B6F6 /* DaangnMarketplace.app */;
			productType = "com.apple.product-type.application";
		};
/* End PBXNativeTarget section */

/* Begin PBXProject section */
		1421F46429D6B2530016B6F6 /* Project object */ = {
			isa = PBXProject;
			attributes = {
				BuildIndependentTargetsInParallel = 1;
				LastSwiftUpdateCheck = 1420;
				LastUpgradeCheck = 1420;
				TargetAttributes = {
					1421F46B29D6B2530016B6F6 = {
						CreatedOnToolsVersion = 14.2;
					};
				};
			};
			buildConfigurationList = 1421F46729D6B2530016B6F6 /* Build configuration list for PBXProject "DaangnMarketplace" */;
			compatibilityVersion = "Xcode 14.0";
			developmentRegion = en;
			hasScannedForEncodings = 0;
			knownRegions = (
				en,
				Base,
			);
			mainGroup = 1421F46329D6B2530016B6F6;
			packageReferences = (
				1421F48329D6B2A10016B6F6 /* XCRemoteSwiftPackageReference "RxSwift" */,
				1421F48A29D6B2C40016B6F6 /* XCRemoteSwiftPackageReference "SnapKit" */,
			);
			productRefGroup = 1421F46D29D6B2530016B6F6 /* Products */;
			projectDirPath = "";
			projectRoot = "";
			targets = (
				1421F46B29D6B2530016B6F6 /* DaangnMarketplace */,
			);
		};
/* End PBXProject section */

/* Begin PBXResourcesBuildPhase section */
		1421F46A29D6B2530016B6F6 /* Resources */ = {
			isa = PBXResourcesBuildPhase;
			buildActionMask = 2147483647;
			files = (
				1421F47C29D6B2540016B6F6 /* LaunchScreen.storyboard in Resources */,
				1421F47929D6B2540016B6F6 /* Assets.xcassets in Resources */,
			);
			runOnlyForDeploymentPostprocessing = 0;
		};
/* End PBXResourcesBuildPhase section */

/* Begin PBXSourcesBuildPhase section */
		1421F46829D6B2530016B6F6 /* Sources */ = {
			isa = PBXSourcesBuildPhase;
			buildActionMask = 2147483647;
			files = (
				1421F47029D6B2530016B6F6 /* AppDelegate.swift in Sources */,
				1421F49629D6BC560016B6F6 /* TitleTextFieldCellViewModel.swift in Sources */,
				1421F47229D6B2530016B6F6 /* SceneDelegate.swift in Sources */,
				1421F48E29D6B34F0016B6F6 /* MainViewController.swift in Sources */,
				1421F49429D6BC370016B6F6 /* TitleTextFieldCell.swift in Sources */,
				1421F49029D6B45C0016B6F6 /* MainViewModel.swift in Sources */,
				1421F49929D6EBD30016B6F6 /* Category.swift in Sources */,
			);
			runOnlyForDeploymentPostprocessing = 0;
		};
/* End PBXSourcesBuildPhase section */

/* Begin PBXVariantGroup section */
		1421F47A29D6B2540016B6F6 /* LaunchScreen.storyboard */ = {
			isa = PBXVariantGroup;
			children = (
				1421F47B29D6B2540016B6F6 /* Base */,
			);
			name = LaunchScreen.storyboard;
			sourceTree = "<group>";
		};
/* End PBXVariantGroup section */

/* Begin XCBuildConfiguration section */
		1421F47E29D6B2540016B6F6 /* Debug */ = {
			isa = XCBuildConfiguration;
			buildSettings = {
				ALWAYS_SEARCH_USER_PATHS = NO;
				CLANG_ANALYZER_NONNULL = YES;
				CLANG_ANALYZER_NUMBER_OBJECT_CONVERSION = YES_AGGRESSIVE;
				CLANG_CXX_LANGUAGE_STANDARD = "gnu++20";
				CLANG_ENABLE_MODULES = YES;
				CLANG_ENABLE_OBJC_ARC = YES;
				CLANG_ENABLE_OBJC_WEAK = YES;
				CLANG_WARN_BLOCK_CAPTURE_AUTORELEASING = YES;
				CLANG_WARN_BOOL_CONVERSION = YES;
				CLANG_WARN_COMMA = YES;
				CLANG_WARN_CONSTANT_CONVERSION = YES;
				CLANG_WARN_DEPRECATED_OBJC_IMPLEMENTATIONS = YES;
				CLANG_WARN_DIRECT_OBJC_ISA_USAGE = YES_ERROR;
				CLANG_WARN_DOCUMENTATION_COMMENTS = YES;
				CLANG_WARN_EMPTY_BODY = YES;
				CLANG_WARN_ENUM_CONVERSION = YES;
				CLANG_WARN_INFINITE_RECURSION = YES;
				CLANG_WARN_INT_CONVERSION = YES;
				CLANG_WARN_NON_LITERAL_NULL_CONVERSION = YES;
				CLANG_WARN_OBJC_IMPLICIT_RETAIN_SELF = YES;
				CLANG_WARN_OBJC_LITERAL_CONVERSION = YES;
				CLANG_WARN_OBJC_ROOT_CLASS = YES_ERROR;
				CLANG_WARN_QUOTED_INCLUDE_IN_FRAMEWORK_HEADER = YES;
				CLANG_WARN_RANGE_LOOP_ANALYSIS = YES;
				CLANG_WARN_STRICT_PROTOTYPES = YES;
				CLANG_WARN_SUSPICIOUS_MOVE = YES;
				CLANG_WARN_UNGUARDED_AVAILABILITY = YES_AGGRESSIVE;
				CLANG_WARN_UNREACHABLE_CODE = YES;
				CLANG_WARN__DUPLICATE_METHOD_MATCH = YES;
				COPY_PHASE_STRIP = NO;
				DEBUG_INFORMATION_FORMAT = dwarf;
				ENABLE_STRICT_OBJC_MSGSEND = YES;
				ENABLE_TESTABILITY = YES;
				GCC_C_LANGUAGE_STANDARD = gnu11;
				GCC_DYNAMIC_NO_PIC = NO;
				GCC_NO_COMMON_BLOCKS = YES;
				GCC_OPTIMIZATION_LEVEL = 0;
				GCC_PREPROCESSOR_DEFINITIONS = (
					"DEBUG=1",
					"$(inherited)",
				);
				GCC_WARN_64_TO_32_BIT_CONVERSION = YES;
				GCC_WARN_ABOUT_RETURN_TYPE = YES_ERROR;
				GCC_WARN_UNDECLARED_SELECTOR = YES;
				GCC_WARN_UNINITIALIZED_AUTOS = YES_AGGRESSIVE;
				GCC_WARN_UNUSED_FUNCTION = YES;
				GCC_WARN_UNUSED_VARIABLE = YES;
				IPHONEOS_DEPLOYMENT_TARGET = 16.2;
				MTL_ENABLE_DEBUG_INFO = INCLUDE_SOURCE;
				MTL_FAST_MATH = YES;
				ONLY_ACTIVE_ARCH = YES;
				SDKROOT = iphoneos;
				SWIFT_ACTIVE_COMPILATION_CONDITIONS = DEBUG;
				SWIFT_OPTIMIZATION_LEVEL = "-Onone";
			};
			name = Debug;
		};
		1421F47F29D6B2540016B6F6 /* Release */ = {
			isa = XCBuildConfiguration;
			buildSettings = {
				ALWAYS_SEARCH_USER_PATHS = NO;
				CLANG_ANALYZER_NONNULL = YES;
				CLANG_ANALYZER_NUMBER_OBJECT_CONVERSION = YES_AGGRESSIVE;
				CLANG_CXX_LANGUAGE_STANDARD = "gnu++20";
				CLANG_ENABLE_MODULES = YES;
				CLANG_ENABLE_OBJC_ARC = YES;
				CLANG_ENABLE_OBJC_WEAK = YES;
				CLANG_WARN_BLOCK_CAPTURE_AUTORELEASING = YES;
				CLANG_WARN_BOOL_CONVERSION = YES;
				CLANG_WARN_COMMA = YES;
				CLANG_WARN_CONSTANT_CONVERSION = YES;
				CLANG_WARN_DEPRECATED_OBJC_IMPLEMENTATIONS = YES;
				CLANG_WARN_DIRECT_OBJC_ISA_USAGE = YES_ERROR;
				CLANG_WARN_DOCUMENTATION_COMMENTS = YES;
				CLANG_WARN_EMPTY_BODY = YES;
				CLANG_WARN_ENUM_CONVERSION = YES;
				CLANG_WARN_INFINITE_RECURSION = YES;
				CLANG_WARN_INT_CONVERSION = YES;
				CLANG_WARN_NON_LITERAL_NULL_CONVERSION = YES;
				CLANG_WARN_OBJC_IMPLICIT_RETAIN_SELF = YES;
				CLANG_WARN_OBJC_LITERAL_CONVERSION = YES;
				CLANG_WARN_OBJC_ROOT_CLASS = YES_ERROR;
				CLANG_WARN_QUOTED_INCLUDE_IN_FRAMEWORK_HEADER = YES;
				CLANG_WARN_RANGE_LOOP_ANALYSIS = YES;
				CLANG_WARN_STRICT_PROTOTYPES = YES;
				CLANG_WARN_SUSPICIOUS_MOVE = YES;
				CLANG_WARN_UNGUARDED_AVAILABILITY = YES_AGGRESSIVE;
				CLANG_WARN_UNREACHABLE_CODE = YES;
				CLANG_WARN__DUPLICATE_METHOD_MATCH = YES;
				COPY_PHASE_STRIP = NO;
				DEBUG_INFORMATION_FORMAT = "dwarf-with-dsym";
				ENABLE_NS_ASSERTIONS = NO;
				ENABLE_STRICT_OBJC_MSGSEND = YES;
				GCC_C_LANGUAGE_STANDARD = gnu11;
				GCC_NO_COMMON_BLOCKS = YES;
				GCC_WARN_64_TO_32_BIT_CONVERSION = YES;
				GCC_WARN_ABOUT_RETURN_TYPE = YES_ERROR;
				GCC_WARN_UNDECLARED_SELECTOR = YES;
				GCC_WARN_UNINITIALIZED_AUTOS = YES_AGGRESSIVE;
				GCC_WARN_UNUSED_FUNCTION = YES;
				GCC_WARN_UNUSED_VARIABLE = YES;
				IPHONEOS_DEPLOYMENT_TARGET = 16.2;
				MTL_ENABLE_DEBUG_INFO = NO;
				MTL_FAST_MATH = YES;
				SDKROOT = iphoneos;
				SWIFT_COMPILATION_MODE = wholemodule;
				SWIFT_OPTIMIZATION_LEVEL = "-O";
				VALIDATE_PRODUCT = YES;
			};
			name = Release;
		};
		1421F48129D6B2540016B6F6 /* Debug */ = {
			isa = XCBuildConfiguration;
			buildSettings = {
				ASSETCATALOG_COMPILER_APPICON_NAME = AppIcon;
				ASSETCATALOG_COMPILER_GLOBAL_ACCENT_COLOR_NAME = AccentColor;
				CODE_SIGN_STYLE = Automatic;
				CURRENT_PROJECT_VERSION = 1;
				DEVELOPMENT_TEAM = ZQV4ZDQNW5;
				GENERATE_INFOPLIST_FILE = YES;
				INFOPLIST_FILE = DaangnMarketplace/Info.plist;
				INFOPLIST_KEY_UIApplicationSupportsIndirectInputEvents = YES;
				INFOPLIST_KEY_UILaunchStoryboardName = LaunchScreen;
				INFOPLIST_KEY_UISupportedInterfaceOrientations_iPad = "UIInterfaceOrientationPortrait UIInterfaceOrientationPortraitUpsideDown UIInterfaceOrientationLandscapeLeft UIInterfaceOrientationLandscapeRight";
				INFOPLIST_KEY_UISupportedInterfaceOrientations_iPhone = "UIInterfaceOrientationPortrait UIInterfaceOrientationLandscapeLeft UIInterfaceOrientationLandscapeRight";
				LD_RUNPATH_SEARCH_PATHS = (
					"$(inherited)",
					"@executable_path/Frameworks",
				);
				MARKETING_VERSION = 1.0;
				PRODUCT_BUNDLE_IDENTIFIER = com.tistory.88yhtserof.DaangnMarketplace;
				PRODUCT_NAME = "$(TARGET_NAME)";
				SWIFT_EMIT_LOC_STRINGS = YES;
				SWIFT_VERSION = 5.0;
				TARGETED_DEVICE_FAMILY = "1,2";
			};
			name = Debug;
		};
		1421F48229D6B2540016B6F6 /* Release */ = {
			isa = XCBuildConfiguration;
			buildSettings = {
				ASSETCATALOG_COMPILER_APPICON_NAME = AppIcon;
				ASSETCATALOG_COMPILER_GLOBAL_ACCENT_COLOR_NAME = AccentColor;
				CODE_SIGN_STYLE = Automatic;
				CURRENT_PROJECT_VERSION = 1;
				DEVELOPMENT_TEAM = ZQV4ZDQNW5;
				GENERATE_INFOPLIST_FILE = YES;
				INFOPLIST_FILE = DaangnMarketplace/Info.plist;
				INFOPLIST_KEY_UIApplicationSupportsIndirectInputEvents = YES;
				INFOPLIST_KEY_UILaunchStoryboardName = LaunchScreen;
				INFOPLIST_KEY_UISupportedInterfaceOrientations_iPad = "UIInterfaceOrientationPortrait UIInterfaceOrientationPortraitUpsideDown UIInterfaceOrientationLandscapeLeft UIInterfaceOrientationLandscapeRight";
				INFOPLIST_KEY_UISupportedInterfaceOrientations_iPhone = "UIInterfaceOrientationPortrait UIInterfaceOrientationLandscapeLeft UIInterfaceOrientationLandscapeRight";
				LD_RUNPATH_SEARCH_PATHS = (
					"$(inherited)",
					"@executable_path/Frameworks",
				);
				MARKETING_VERSION = 1.0;
				PRODUCT_BUNDLE_IDENTIFIER = com.tistory.88yhtserof.DaangnMarketplace;
				PRODUCT_NAME = "$(TARGET_NAME)";
				SWIFT_EMIT_LOC_STRINGS = YES;
				SWIFT_VERSION = 5.0;
				TARGETED_DEVICE_FAMILY = "1,2";
			};
			name = Release;
		};
/* End XCBuildConfiguration section */

/* Begin XCConfigurationList section */
		1421F46729D6B2530016B6F6 /* Build configuration list for PBXProject "DaangnMarketplace" */ = {
			isa = XCConfigurationList;
			buildConfigurations = (
				1421F47E29D6B2540016B6F6 /* Debug */,
				1421F47F29D6B2540016B6F6 /* Release */,
			);
			defaultConfigurationIsVisible = 0;
			defaultConfigurationName = Release;
		};
		1421F48029D6B2540016B6F6 /* Build configuration list for PBXNativeTarget "DaangnMarketplace" */ = {
			isa = XCConfigurationList;
			buildConfigurations = (
				1421F48129D6B2540016B6F6 /* Debug */,
				1421F48229D6B2540016B6F6 /* Release */,
			);
			defaultConfigurationIsVisible = 0;
			defaultConfigurationName = Release;
		};
/* End XCConfigurationList section */

/* Begin XCRemoteSwiftPackageReference section */
		1421F48329D6B2A10016B6F6 /* XCRemoteSwiftPackageReference "RxSwift" */ = {
			isa = XCRemoteSwiftPackageReference;
			repositoryURL = "https://github.com/ReactiveX/RxSwift.git";
			requirement = {
				branch = main;
				kind = branch;
			};
		};
		1421F48A29D6B2C40016B6F6 /* XCRemoteSwiftPackageReference "SnapKit" */ = {
			isa = XCRemoteSwiftPackageReference;
			repositoryURL = "https://github.com/SnapKit/SnapKit.git";
			requirement = {
				kind = upToNextMajorVersion;
				minimumVersion = 5.0.0;
			};
		};
/* End XCRemoteSwiftPackageReference section */

/* Begin XCSwiftPackageProductDependency section */
		1421F48429D6B2A10016B6F6 /* RxCocoa */ = {
			isa = XCSwiftPackageProductDependency;
			package = 1421F48329D6B2A10016B6F6 /* XCRemoteSwiftPackageReference "RxSwift" */;
			productName = RxCocoa;
		};
		1421F48629D6B2A10016B6F6 /* RxRelay */ = {
			isa = XCSwiftPackageProductDependency;
			package = 1421F48329D6B2A10016B6F6 /* XCRemoteSwiftPackageReference "RxSwift" */;
			productName = RxRelay;
		};
		1421F48829D6B2A10016B6F6 /* RxSwift */ = {
			isa = XCSwiftPackageProductDependency;
			package = 1421F48329D6B2A10016B6F6 /* XCRemoteSwiftPackageReference "RxSwift" */;
			productName = RxSwift;
		};
		1421F48B29D6B2C40016B6F6 /* SnapKit */ = {
			isa = XCSwiftPackageProductDependency;
			package = 1421F48A29D6B2C40016B6F6 /* XCRemoteSwiftPackageReference "SnapKit" */;
			productName = SnapKit;
		};
/* End XCSwiftPackageProductDependency section */
	};
	rootObject = 1421F46429D6B2530016B6F6 /* Project object */;
}
