// !$*UTF8*$!
{
	archiveVersion = 1;
	classes = {
	};
	objectVersion = 55;
	objects = {

/* Begin PBXBuildFile section */
		140A89E928755384001D9B50 /* AppDelegate.swift in Sources */ = {isa = PBXBuildFile; fileRef = 140A89E828755384001D9B50 /* AppDelegate.swift */; };
		140A89EB28755384001D9B50 /* SceneDelegate.swift in Sources */ = {isa = PBXBuildFile; fileRef = 140A89EA28755384001D9B50 /* SceneDelegate.swift */; };
		140A89F028755384001D9B50 /* Main.storyboard in Resources */ = {isa = PBXBuildFile; fileRef = 140A89EE28755384001D9B50 /* Main.storyboard */; };
		140A89F228755385001D9B50 /* Assets.xcassets in Resources */ = {isa = PBXBuildFile; fileRef = 140A89F128755385001D9B50 /* Assets.xcassets */; };
		140A89F528755385001D9B50 /* LaunchScreen.storyboard in Resources */ = {isa = PBXBuildFile; fileRef = 140A89F328755385001D9B50 /* LaunchScreen.storyboard */; };
		140A89FD28755411001D9B50 /* AlertListTableViewController.swift in Sources */ = {isa = PBXBuildFile; fileRef = 140A89FC28755411001D9B50 /* AlertListTableViewController.swift */; };
		140A8A00287556FC001D9B50 /* AlertListTableViewCell.swift in Sources */ = {isa = PBXBuildFile; fileRef = 140A89FE287556FC001D9B50 /* AlertListTableViewCell.swift */; };
		140A8A01287556FC001D9B50 /* AlertListTableViewCell.xib in Resources */ = {isa = PBXBuildFile; fileRef = 140A89FF287556FC001D9B50 /* AlertListTableViewCell.xib */; };
		140A8A0528755A7C001D9B50 /* AlertModel.swift in Sources */ = {isa = PBXBuildFile; fileRef = 140A8A0428755A7C001D9B50 /* AlertModel.swift */; };
/* End PBXBuildFile section */

/* Begin PBXFileReference section */
		140A89E528755384001D9B50 /* WaterNotification.app */ = {isa = PBXFileReference; explicitFileType = wrapper.application; includeInIndex = 0; path = WaterNotification.app; sourceTree = BUILT_PRODUCTS_DIR; };
		140A89E828755384001D9B50 /* AppDelegate.swift */ = {isa = PBXFileReference; lastKnownFileType = sourcecode.swift; path = AppDelegate.swift; sourceTree = "<group>"; };
		140A89EA28755384001D9B50 /* SceneDelegate.swift */ = {isa = PBXFileReference; lastKnownFileType = sourcecode.swift; path = SceneDelegate.swift; sourceTree = "<group>"; };
		140A89EF28755384001D9B50 /* Base */ = {isa = PBXFileReference; lastKnownFileType = file.storyboard; name = Base; path = Base.lproj/Main.storyboard; sourceTree = "<group>"; };
		140A89F128755385001D9B50 /* Assets.xcassets */ = {isa = PBXFileReference; lastKnownFileType = folder.assetcatalog; path = Assets.xcassets; sourceTree = "<group>"; };
		140A89F428755385001D9B50 /* Base */ = {isa = PBXFileReference; lastKnownFileType = file.storyboard; name = Base; path = Base.lproj/LaunchScreen.storyboard; sourceTree = "<group>"; };
		140A89F628755385001D9B50 /* Info.plist */ = {isa = PBXFileReference; lastKnownFileType = text.plist.xml; path = Info.plist; sourceTree = "<group>"; };
		140A89FC28755411001D9B50 /* AlertListTableViewController.swift */ = {isa = PBXFileReference; lastKnownFileType = sourcecode.swift; path = AlertListTableViewController.swift; sourceTree = "<group>"; };
		140A89FE287556FC001D9B50 /* AlertListTableViewCell.swift */ = {isa = PBXFileReference; lastKnownFileType = sourcecode.swift; path = AlertListTableViewCell.swift; sourceTree = "<group>"; };
		140A89FF287556FC001D9B50 /* AlertListTableViewCell.xib */ = {isa = PBXFileReference; lastKnownFileType = file.xib; path = AlertListTableViewCell.xib; sourceTree = "<group>"; };
		140A8A0428755A7C001D9B50 /* AlertModel.swift */ = {isa = PBXFileReference; lastKnownFileType = sourcecode.swift; path = AlertModel.swift; sourceTree = "<group>"; };
/* End PBXFileReference section */

/* Begin PBXFrameworksBuildPhase section */
		140A89E228755384001D9B50 /* Frameworks */ = {
			isa = PBXFrameworksBuildPhase;
			buildActionMask = 2147483647;
			files = (
			);
			runOnlyForDeploymentPostprocessing = 0;
		};
/* End PBXFrameworksBuildPhase section */

/* Begin PBXGroup section */
		140A89DC28755384001D9B50 = {
			isa = PBXGroup;
			children = (
				140A89E728755384001D9B50 /* WaterNotification */,
				140A89E628755384001D9B50 /* Products */,
			);
			sourceTree = "<group>";
		};
		140A89E628755384001D9B50 /* Products */ = {
			isa = PBXGroup;
			children = (
				140A89E528755384001D9B50 /* WaterNotification.app */,
			);
			name = Products;
			sourceTree = "<group>";
		};
		140A89E728755384001D9B50 /* WaterNotification */ = {
			isa = PBXGroup;
			children = (
				140A8A0428755A7C001D9B50 /* AlertModel.swift */,
				140A89FC28755411001D9B50 /* AlertListTableViewController.swift */,
				140A89E828755384001D9B50 /* AppDelegate.swift */,
				140A89EA28755384001D9B50 /* SceneDelegate.swift */,
				140A89EE28755384001D9B50 /* Main.storyboard */,
				140A89F128755385001D9B50 /* Assets.xcassets */,
				140A89F328755385001D9B50 /* LaunchScreen.storyboard */,
				140A89F628755385001D9B50 /* Info.plist */,
				140A89FE287556FC001D9B50 /* AlertListTableViewCell.swift */,
				140A89FF287556FC001D9B50 /* AlertListTableViewCell.xib */,
			);
			path = WaterNotification;
			sourceTree = "<group>";
		};
/* End PBXGroup section */

/* Begin PBXNativeTarget section */
		140A89E428755384001D9B50 /* WaterNotification */ = {
			isa = PBXNativeTarget;
			buildConfigurationList = 140A89F928755385001D9B50 /* Build configuration list for PBXNativeTarget "WaterNotification" */;
			buildPhases = (
				140A89E128755384001D9B50 /* Sources */,
				140A89E228755384001D9B50 /* Frameworks */,
				140A89E328755384001D9B50 /* Resources */,
			);
			buildRules = (
			);
			dependencies = (
			);
			name = WaterNotification;
			productName = WaterNotification;
			productReference = 140A89E528755384001D9B50 /* WaterNotification.app */;
			productType = "com.apple.product-type.application";
		};
/* End PBXNativeTarget section */

/* Begin PBXProject section */
		140A89DD28755384001D9B50 /* Project object */ = {
			isa = PBXProject;
			attributes = {
				BuildIndependentTargetsInParallel = 1;
				LastSwiftUpdateCheck = 1330;
				LastUpgradeCheck = 1330;
				TargetAttributes = {
					140A89E428755384001D9B50 = {
						CreatedOnToolsVersion = 13.3.1;
					};
				};
			};
			buildConfigurationList = 140A89E028755384001D9B50 /* Build configuration list for PBXProject "WaterNotification" */;
			compatibilityVersion = "Xcode 13.0";
			developmentRegion = en;
			hasScannedForEncodings = 0;
			knownRegions = (
				en,
				Base,
			);
			mainGroup = 140A89DC28755384001D9B50;
			productRefGroup = 140A89E628755384001D9B50 /* Products */;
			projectDirPath = "";
			projectRoot = "";
			targets = (
				140A89E428755384001D9B50 /* WaterNotification */,
			);
		};
/* End PBXProject section */

/* Begin PBXResourcesBuildPhase section */
		140A89E328755384001D9B50 /* Resources */ = {
			isa = PBXResourcesBuildPhase;
			buildActionMask = 2147483647;
			files = (
				140A89F528755385001D9B50 /* LaunchScreen.storyboard in Resources */,
				140A89F228755385001D9B50 /* Assets.xcassets in Resources */,
				140A8A01287556FC001D9B50 /* AlertListTableViewCell.xib in Resources */,
				140A89F028755384001D9B50 /* Main.storyboard in Resources */,
			);
			runOnlyForDeploymentPostprocessing = 0;
		};
/* End PBXResourcesBuildPhase section */

/* Begin PBXSourcesBuildPhase section */
		140A89E128755384001D9B50 /* Sources */ = {
			isa = PBXSourcesBuildPhase;
			buildActionMask = 2147483647;
			files = (
				140A89E928755384001D9B50 /* AppDelegate.swift in Sources */,
				140A89FD28755411001D9B50 /* AlertListTableViewController.swift in Sources */,
				140A8A00287556FC001D9B50 /* AlertListTableViewCell.swift in Sources */,
				140A8A0528755A7C001D9B50 /* AlertModel.swift in Sources */,
				140A89EB28755384001D9B50 /* SceneDelegate.swift in Sources */,
			);
			runOnlyForDeploymentPostprocessing = 0;
		};
/* End PBXSourcesBuildPhase section */

/* Begin PBXVariantGroup section */
		140A89EE28755384001D9B50 /* Main.storyboard */ = {
			isa = PBXVariantGroup;
			children = (
				140A89EF28755384001D9B50 /* Base */,
			);
			name = Main.storyboard;
			sourceTree = "<group>";
		};
		140A89F328755385001D9B50 /* LaunchScreen.storyboard */ = {
			isa = PBXVariantGroup;
			children = (
				140A89F428755385001D9B50 /* Base */,
			);
			name = LaunchScreen.storyboard;
			sourceTree = "<group>";
		};
/* End PBXVariantGroup section */

/* Begin XCBuildConfiguration section */
		140A89F728755385001D9B50 /* Debug */ = {
			isa = XCBuildConfiguration;
			buildSettings = {
				ALWAYS_SEARCH_USER_PATHS = NO;
				CLANG_ANALYZER_NONNULL = YES;
				CLANG_ANALYZER_NUMBER_OBJECT_CONVERSION = YES_AGGRESSIVE;
				CLANG_CXX_LANGUAGE_STANDARD = "gnu++17";
				CLANG_ENABLE_MODULES = YES;
				CLANG_ENABLE_OBJC_ARC = YES;
				CLANG_ENABLE_OBJC_WEAK = YES;
				CLANG_WARN_BLOCK_CAPTURE_AUTORELEASING = YES;
				CLANG_WARN_BOOL_CONVERSION = YES;
				CLANG_WARN_COMMA = YES;
				CLANG_WARN_CONSTANT_CONVERSION = YES;
				CLANG_WARN_DEPRECATED_OBJC_IMPLEMENTATIONS = YES;
				CLANG_WARN_DIRECT_OBJC_ISA_USAGE = YES_ERROR;
				CLANG_WARN_DOCUMENTATION_COMMENTS = YES;
				CLANG_WARN_EMPTY_BODY = YES;
				CLANG_WARN_ENUM_CONVERSION = YES;
				CLANG_WARN_INFINITE_RECURSION = YES;
				CLANG_WARN_INT_CONVERSION = YES;
				CLANG_WARN_NON_LITERAL_NULL_CONVERSION = YES;
				CLANG_WARN_OBJC_IMPLICIT_RETAIN_SELF = YES;
				CLANG_WARN_OBJC_LITERAL_CONVERSION = YES;
				CLANG_WARN_OBJC_ROOT_CLASS = YES_ERROR;
				CLANG_WARN_QUOTED_INCLUDE_IN_FRAMEWORK_HEADER = YES;
				CLANG_WARN_RANGE_LOOP_ANALYSIS = YES;
				CLANG_WARN_STRICT_PROTOTYPES = YES;
				CLANG_WARN_SUSPICIOUS_MOVE = YES;
				CLANG_WARN_UNGUARDED_AVAILABILITY = YES_AGGRESSIVE;
				CLANG_WARN_UNREACHABLE_CODE = YES;
				CLANG_WARN__DUPLICATE_METHOD_MATCH = YES;
				COPY_PHASE_STRIP = NO;
				DEBUG_INFORMATION_FORMAT = dwarf;
				ENABLE_STRICT_OBJC_MSGSEND = YES;
				ENABLE_TESTABILITY = YES;
				GCC_C_LANGUAGE_STANDARD = gnu11;
				GCC_DYNAMIC_NO_PIC = NO;
				GCC_NO_COMMON_BLOCKS = YES;
				GCC_OPTIMIZATION_LEVEL = 0;
				GCC_PREPROCESSOR_DEFINITIONS = (
					"DEBUG=1",
					"$(inherited)",
				);
				GCC_WARN_64_TO_32_BIT_CONVERSION = YES;
				GCC_WARN_ABOUT_RETURN_TYPE = YES_ERROR;
				GCC_WARN_UNDECLARED_SELECTOR = YES;
				GCC_WARN_UNINITIALIZED_AUTOS = YES_AGGRESSIVE;
				GCC_WARN_UNUSED_FUNCTION = YES;
				GCC_WARN_UNUSED_VARIABLE = YES;
				IPHONEOS_DEPLOYMENT_TARGET = 15.4;
				MTL_ENABLE_DEBUG_INFO = INCLUDE_SOURCE;
				MTL_FAST_MATH = YES;
				ONLY_ACTIVE_ARCH = YES;
				SDKROOT = iphoneos;
				SWIFT_ACTIVE_COMPILATION_CONDITIONS = DEBUG;
				SWIFT_OPTIMIZATION_LEVEL = "-Onone";
			};
			name = Debug;
		};
		140A89F828755385001D9B50 /* Release */ = {
			isa = XCBuildConfiguration;
			buildSettings = {
				ALWAYS_SEARCH_USER_PATHS = NO;
				CLANG_ANALYZER_NONNULL = YES;
				CLANG_ANALYZER_NUMBER_OBJECT_CONVERSION = YES_AGGRESSIVE;
				CLANG_CXX_LANGUAGE_STANDARD = "gnu++17";
				CLANG_ENABLE_MODULES = YES;
				CLANG_ENABLE_OBJC_ARC = YES;
				CLANG_ENABLE_OBJC_WEAK = YES;
				CLANG_WARN_BLOCK_CAPTURE_AUTORELEASING = YES;
				CLANG_WARN_BOOL_CONVERSION = YES;
				CLANG_WARN_COMMA = YES;
				CLANG_WARN_CONSTANT_CONVERSION = YES;
				CLANG_WARN_DEPRECATED_OBJC_IMPLEMENTATIONS = YES;
				CLANG_WARN_DIRECT_OBJC_ISA_USAGE = YES_ERROR;
				CLANG_WARN_DOCUMENTATION_COMMENTS = YES;
				CLANG_WARN_EMPTY_BODY = YES;
				CLANG_WARN_ENUM_CONVERSION = YES;
				CLANG_WARN_INFINITE_RECURSION = YES;
				CLANG_WARN_INT_CONVERSION = YES;
				CLANG_WARN_NON_LITERAL_NULL_CONVERSION = YES;
				CLANG_WARN_OBJC_IMPLICIT_RETAIN_SELF = YES;
				CLANG_WARN_OBJC_LITERAL_CONVERSION = YES;
				CLANG_WARN_OBJC_ROOT_CLASS = YES_ERROR;
				CLANG_WARN_QUOTED_INCLUDE_IN_FRAMEWORK_HEADER = YES;
				CLANG_WARN_RANGE_LOOP_ANALYSIS = YES;
				CLANG_WARN_STRICT_PROTOTYPES = YES;
				CLANG_WARN_SUSPICIOUS_MOVE = YES;
				CLANG_WARN_UNGUARDED_AVAILABILITY = YES_AGGRESSIVE;
				CLANG_WARN_UNREACHABLE_CODE = YES;
				CLANG_WARN__DUPLICATE_METHOD_MATCH = YES;
				COPY_PHASE_STRIP = NO;
				DEBUG_INFORMATION_FORMAT = "dwarf-with-dsym";
				ENABLE_NS_ASSERTIONS = NO;
				ENABLE_STRICT_OBJC_MSGSEND = YES;
				GCC_C_LANGUAGE_STANDARD = gnu11;
				GCC_NO_COMMON_BLOCKS = YES;
				GCC_WARN_64_TO_32_BIT_CONVERSION = YES;
				GCC_WARN_ABOUT_RETURN_TYPE = YES_ERROR;
				GCC_WARN_UNDECLARED_SELECTOR = YES;
				GCC_WARN_UNINITIALIZED_AUTOS = YES_AGGRESSIVE;
				GCC_WARN_UNUSED_FUNCTION = YES;
				GCC_WARN_UNUSED_VARIABLE = YES;
				IPHONEOS_DEPLOYMENT_TARGET = 15.4;
				MTL_ENABLE_DEBUG_INFO = NO;
				MTL_FAST_MATH = YES;
				SDKROOT = iphoneos;
				SWIFT_COMPILATION_MODE = wholemodule;
				SWIFT_OPTIMIZATION_LEVEL = "-O";
				VALIDATE_PRODUCT = YES;
			};
			name = Release;
		};
		140A89FA28755385001D9B50 /* Debug */ = {
			isa = XCBuildConfiguration;
			buildSettings = {
				ASSETCATALOG_COMPILER_APPICON_NAME = AppIcon;
				ASSETCATALOG_COMPILER_GLOBAL_ACCENT_COLOR_NAME = AccentColor;
				CODE_SIGN_STYLE = Automatic;
				CURRENT_PROJECT_VERSION = 1;
				DEVELOPMENT_TEAM = ZQV4ZDQNW5;
				GENERATE_INFOPLIST_FILE = YES;
				INFOPLIST_FILE = WaterNotification/Info.plist;
				INFOPLIST_KEY_UIApplicationSupportsIndirectInputEvents = YES;
				INFOPLIST_KEY_UILaunchStoryboardName = LaunchScreen;
				INFOPLIST_KEY_UIMainStoryboardFile = Main;
				INFOPLIST_KEY_UISupportedInterfaceOrientations_iPad = "UIInterfaceOrientationPortrait UIInterfaceOrientationPortraitUpsideDown UIInterfaceOrientationLandscapeLeft UIInterfaceOrientationLandscapeRight";
				INFOPLIST_KEY_UISupportedInterfaceOrientations_iPhone = "UIInterfaceOrientationPortrait UIInterfaceOrientationLandscapeLeft UIInterfaceOrientationLandscapeRight";
				LD_RUNPATH_SEARCH_PATHS = (
					"$(inherited)",
					"@executable_path/Frameworks",
				);
				MARKETING_VERSION = 1.0;
				PRODUCT_BUNDLE_IDENTIFIER = com.tistory.88yhtserof.WaterNotification;
				PRODUCT_NAME = "$(TARGET_NAME)";
				SWIFT_EMIT_LOC_STRINGS = YES;
				SWIFT_VERSION = 5.0;
				TARGETED_DEVICE_FAMILY = "1,2";
			};
			name = Debug;
		};
		140A89FB28755385001D9B50 /* Release */ = {
			isa = XCBuildConfiguration;
			buildSettings = {
				ASSETCATALOG_COMPILER_APPICON_NAME = AppIcon;
				ASSETCATALOG_COMPILER_GLOBAL_ACCENT_COLOR_NAME = AccentColor;
				CODE_SIGN_STYLE = Automatic;
				CURRENT_PROJECT_VERSION = 1;
				DEVELOPMENT_TEAM = ZQV4ZDQNW5;
				GENERATE_INFOPLIST_FILE = YES;
				INFOPLIST_FILE = WaterNotification/Info.plist;
				INFOPLIST_KEY_UIApplicationSupportsIndirectInputEvents = YES;
				INFOPLIST_KEY_UILaunchStoryboardName = LaunchScreen;
				INFOPLIST_KEY_UIMainStoryboardFile = Main;
				INFOPLIST_KEY_UISupportedInterfaceOrientations_iPad = "UIInterfaceOrientationPortrait UIInterfaceOrientationPortraitUpsideDown UIInterfaceOrientationLandscapeLeft UIInterfaceOrientationLandscapeRight";
				INFOPLIST_KEY_UISupportedInterfaceOrientations_iPhone = "UIInterfaceOrientationPortrait UIInterfaceOrientationLandscapeLeft UIInterfaceOrientationLandscapeRight";
				LD_RUNPATH_SEARCH_PATHS = (
					"$(inherited)",
					"@executable_path/Frameworks",
				);
				MARKETING_VERSION = 1.0;
				PRODUCT_BUNDLE_IDENTIFIER = com.tistory.88yhtserof.WaterNotification;
				PRODUCT_NAME = "$(TARGET_NAME)";
				SWIFT_EMIT_LOC_STRINGS = YES;
				SWIFT_VERSION = 5.0;
				TARGETED_DEVICE_FAMILY = "1,2";
			};
			name = Release;
		};
/* End XCBuildConfiguration section */

/* Begin XCConfigurationList section */
		140A89E028755384001D9B50 /* Build configuration list for PBXProject "WaterNotification" */ = {
			isa = XCConfigurationList;
			buildConfigurations = (
				140A89F728755385001D9B50 /* Debug */,
				140A89F828755385001D9B50 /* Release */,
			);
			defaultConfigurationIsVisible = 0;
			defaultConfigurationName = Release;
		};
		140A89F928755385001D9B50 /* Build configuration list for PBXNativeTarget "WaterNotification" */ = {
			isa = XCConfigurationList;
			buildConfigurations = (
				140A89FA28755385001D9B50 /* Debug */,
				140A89FB28755385001D9B50 /* Release */,
			);
			defaultConfigurationIsVisible = 0;
			defaultConfigurationName = Release;
		};
/* End XCConfigurationList section */
	};
	rootObject = 140A89DD28755384001D9B50 /* Project object */;
}
