// !$*UTF8*$!
{
	archiveVersion = 1;
	classes = {
	};
	objectVersion = 55;
	objects = {

/* Begin PBXBuildFile section */
		1443C2A728BDE15800FF7844 /* AppDelegate.swift in Sources */ = {isa = PBXBuildFile; fileRef = 1443C2A628BDE15800FF7844 /* AppDelegate.swift */; };
		1443C2A928BDE15800FF7844 /* SceneDelegate.swift in Sources */ = {isa = PBXBuildFile; fileRef = 1443C2A828BDE15800FF7844 /* SceneDelegate.swift */; };
		1443C2B028BDE15900FF7844 /* Assets.xcassets in Resources */ = {isa = PBXBuildFile; fileRef = 1443C2AF28BDE15900FF7844 /* Assets.xcassets */; };
		1443C2B328BDE15900FF7844 /* LaunchScreen.storyboard in Resources */ = {isa = PBXBuildFile; fileRef = 1443C2B128BDE15900FF7844 /* LaunchScreen.storyboard */; };
		1443C2BB28BDE50200FF7844 /* TabBarController.swift in Sources */ = {isa = PBXBuildFile; fileRef = 1443C2BA28BDE50200FF7844 /* TabBarController.swift */; };
		1443C2BE28BDE5E000FF7844 /* SnapKit in Frameworks */ = {isa = PBXBuildFile; productRef = 1443C2BD28BDE5E000FF7844 /* SnapKit */; };
		1443C2C128BDE5FB00FF7844 /* Kingfisher in Frameworks */ = {isa = PBXBuildFile; productRef = 1443C2C028BDE5FB00FF7844 /* Kingfisher */; };
		1443C2C728BDEFF900FF7844 /* TodayViewController.swift in Sources */ = {isa = PBXBuildFile; fileRef = 1443C2C628BDEFF900FF7844 /* TodayViewController.swift */; };
		1443C2C928BDF53700FF7844 /* TodayCollectionViewCell.swift in Sources */ = {isa = PBXBuildFile; fileRef = 1443C2C828BDF53700FF7844 /* TodayCollectionViewCell.swift */; };
		1443C2CB28BE0FA300FF7844 /* TodayCollectionHeaderView.swift in Sources */ = {isa = PBXBuildFile; fileRef = 1443C2CA28BE0FA300FF7844 /* TodayCollectionHeaderView.swift */; };
/* End PBXBuildFile section */

/* Begin PBXFileReference section */
		1443C2A328BDE15800FF7844 /* AppStoreStyleService.app */ = {isa = PBXFileReference; explicitFileType = wrapper.application; includeInIndex = 0; path = AppStoreStyleService.app; sourceTree = BUILT_PRODUCTS_DIR; };
		1443C2A628BDE15800FF7844 /* AppDelegate.swift */ = {isa = PBXFileReference; lastKnownFileType = sourcecode.swift; path = AppDelegate.swift; sourceTree = "<group>"; };
		1443C2A828BDE15800FF7844 /* SceneDelegate.swift */ = {isa = PBXFileReference; lastKnownFileType = sourcecode.swift; path = SceneDelegate.swift; sourceTree = "<group>"; };
		1443C2AF28BDE15900FF7844 /* Assets.xcassets */ = {isa = PBXFileReference; lastKnownFileType = folder.assetcatalog; path = Assets.xcassets; sourceTree = "<group>"; };
		1443C2B228BDE15900FF7844 /* Base */ = {isa = PBXFileReference; lastKnownFileType = file.storyboard; name = Base; path = Base.lproj/LaunchScreen.storyboard; sourceTree = "<group>"; };
		1443C2B428BDE15900FF7844 /* Info.plist */ = {isa = PBXFileReference; lastKnownFileType = text.plist.xml; path = Info.plist; sourceTree = "<group>"; };
		1443C2BA28BDE50200FF7844 /* TabBarController.swift */ = {isa = PBXFileReference; lastKnownFileType = sourcecode.swift; path = TabBarController.swift; sourceTree = "<group>"; };
		1443C2C628BDEFF900FF7844 /* TodayViewController.swift */ = {isa = PBXFileReference; lastKnownFileType = sourcecode.swift; path = TodayViewController.swift; sourceTree = "<group>"; };
		1443C2C828BDF53700FF7844 /* TodayCollectionViewCell.swift */ = {isa = PBXFileReference; lastKnownFileType = sourcecode.swift; path = TodayCollectionViewCell.swift; sourceTree = "<group>"; };
		1443C2CA28BE0FA300FF7844 /* TodayCollectionHeaderView.swift */ = {isa = PBXFileReference; lastKnownFileType = sourcecode.swift; path = TodayCollectionHeaderView.swift; sourceTree = "<group>"; };
/* End PBXFileReference section */

/* Begin PBXFrameworksBuildPhase section */
		1443C2A028BDE15800FF7844 /* Frameworks */ = {
			isa = PBXFrameworksBuildPhase;
			buildActionMask = 2147483647;
			files = (
				1443C2C128BDE5FB00FF7844 /* Kingfisher in Frameworks */,
				1443C2BE28BDE5E000FF7844 /* SnapKit in Frameworks */,
			);
			runOnlyForDeploymentPostprocessing = 0;
		};
/* End PBXFrameworksBuildPhase section */

/* Begin PBXGroup section */
		1443C29A28BDE15800FF7844 = {
			isa = PBXGroup;
			children = (
				1443C2A528BDE15800FF7844 /* AppStoreStyleService */,
				1443C2A428BDE15800FF7844 /* Products */,
			);
			sourceTree = "<group>";
		};
		1443C2A428BDE15800FF7844 /* Products */ = {
			isa = PBXGroup;
			children = (
				1443C2A328BDE15800FF7844 /* AppStoreStyleService.app */,
			);
			name = Products;
			sourceTree = "<group>";
		};
		1443C2A528BDE15800FF7844 /* AppStoreStyleService */ = {
			isa = PBXGroup;
			children = (
				1443C2A628BDE15800FF7844 /* AppDelegate.swift */,
				1443C2A828BDE15800FF7844 /* SceneDelegate.swift */,
				1443C2AF28BDE15900FF7844 /* Assets.xcassets */,
				1443C2B128BDE15900FF7844 /* LaunchScreen.storyboard */,
				1443C2B428BDE15900FF7844 /* Info.plist */,
				1443C2C428BDEFB700FF7844 /* Scenes */,
			);
			path = AppStoreStyleService;
			sourceTree = "<group>";
		};
		1443C2C428BDEFB700FF7844 /* Scenes */ = {
			isa = PBXGroup;
			children = (
				1443C2C528BDEFDB00FF7844 /* Today */,
				1443C2BA28BDE50200FF7844 /* TabBarController.swift */,
			);
			path = Scenes;
			sourceTree = "<group>";
		};
		1443C2C528BDEFDB00FF7844 /* Today */ = {
			isa = PBXGroup;
			children = (
				1443C2C628BDEFF900FF7844 /* TodayViewController.swift */,
				1443C2C828BDF53700FF7844 /* TodayCollectionViewCell.swift */,
				1443C2CA28BE0FA300FF7844 /* TodayCollectionHeaderView.swift */,
			);
			path = Today;
			sourceTree = "<group>";
		};
/* End PBXGroup section */

/* Begin PBXNativeTarget section */
		1443C2A228BDE15800FF7844 /* AppStoreStyleService */ = {
			isa = PBXNativeTarget;
			buildConfigurationList = 1443C2B728BDE15900FF7844 /* Build configuration list for PBXNativeTarget "AppStoreStyleService" */;
			buildPhases = (
				1443C29F28BDE15800FF7844 /* Sources */,
				1443C2A028BDE15800FF7844 /* Frameworks */,
				1443C2A128BDE15800FF7844 /* Resources */,
			);
			buildRules = (
			);
			dependencies = (
			);
			name = AppStoreStyleService;
			packageProductDependencies = (
				1443C2BD28BDE5E000FF7844 /* SnapKit */,
				1443C2C028BDE5FB00FF7844 /* Kingfisher */,
			);
			productName = AppStoreStyleService;
			productReference = 1443C2A328BDE15800FF7844 /* AppStoreStyleService.app */;
			productType = "com.apple.product-type.application";
		};
/* End PBXNativeTarget section */

/* Begin PBXProject section */
		1443C29B28BDE15800FF7844 /* Project object */ = {
			isa = PBXProject;
			attributes = {
				BuildIndependentTargetsInParallel = 1;
				LastSwiftUpdateCheck = 1340;
				LastUpgradeCheck = 1340;
				TargetAttributes = {
					1443C2A228BDE15800FF7844 = {
						CreatedOnToolsVersion = 13.4.1;
					};
				};
			};
			buildConfigurationList = 1443C29E28BDE15800FF7844 /* Build configuration list for PBXProject "AppStoreStyleService" */;
			compatibilityVersion = "Xcode 13.0";
			developmentRegion = en;
			hasScannedForEncodings = 0;
			knownRegions = (
				en,
				Base,
			);
			mainGroup = 1443C29A28BDE15800FF7844;
			packageReferences = (
				1443C2BC28BDE5E000FF7844 /* XCRemoteSwiftPackageReference "SnapKit" */,
				1443C2BF28BDE5FB00FF7844 /* XCRemoteSwiftPackageReference "Kingfisher" */,
			);
			productRefGroup = 1443C2A428BDE15800FF7844 /* Products */;
			projectDirPath = "";
			projectRoot = "";
			targets = (
				1443C2A228BDE15800FF7844 /* AppStoreStyleService */,
			);
		};
/* End PBXProject section */

/* Begin PBXResourcesBuildPhase section */
		1443C2A128BDE15800FF7844 /* Resources */ = {
			isa = PBXResourcesBuildPhase;
			buildActionMask = 2147483647;
			files = (
				1443C2B328BDE15900FF7844 /* LaunchScreen.storyboard in Resources */,
				1443C2B028BDE15900FF7844 /* Assets.xcassets in Resources */,
			);
			runOnlyForDeploymentPostprocessing = 0;
		};
/* End PBXResourcesBuildPhase section */

/* Begin PBXSourcesBuildPhase section */
		1443C29F28BDE15800FF7844 /* Sources */ = {
			isa = PBXSourcesBuildPhase;
			buildActionMask = 2147483647;
			files = (
				1443C2C728BDEFF900FF7844 /* TodayViewController.swift in Sources */,
				1443C2BB28BDE50200FF7844 /* TabBarController.swift in Sources */,
				1443C2A728BDE15800FF7844 /* AppDelegate.swift in Sources */,
				1443C2CB28BE0FA300FF7844 /* TodayCollectionHeaderView.swift in Sources */,
				1443C2A928BDE15800FF7844 /* SceneDelegate.swift in Sources */,
				1443C2C928BDF53700FF7844 /* TodayCollectionViewCell.swift in Sources */,
			);
			runOnlyForDeploymentPostprocessing = 0;
		};
/* End PBXSourcesBuildPhase section */

/* Begin PBXVariantGroup section */
		1443C2B128BDE15900FF7844 /* LaunchScreen.storyboard */ = {
			isa = PBXVariantGroup;
			children = (
				1443C2B228BDE15900FF7844 /* Base */,
			);
			name = LaunchScreen.storyboard;
			sourceTree = "<group>";
		};
/* End PBXVariantGroup section */

/* Begin XCBuildConfiguration section */
		1443C2B528BDE15900FF7844 /* Debug */ = {
			isa = XCBuildConfiguration;
			buildSettings = {
				ALWAYS_SEARCH_USER_PATHS = NO;
				CLANG_ANALYZER_NONNULL = YES;
				CLANG_ANALYZER_NUMBER_OBJECT_CONVERSION = YES_AGGRESSIVE;
				CLANG_CXX_LANGUAGE_STANDARD = "gnu++17";
				CLANG_ENABLE_MODULES = YES;
				CLANG_ENABLE_OBJC_ARC = YES;
				CLANG_ENABLE_OBJC_WEAK = YES;
				CLANG_WARN_BLOCK_CAPTURE_AUTORELEASING = YES;
				CLANG_WARN_BOOL_CONVERSION = YES;
				CLANG_WARN_COMMA = YES;
				CLANG_WARN_CONSTANT_CONVERSION = YES;
				CLANG_WARN_DEPRECATED_OBJC_IMPLEMENTATIONS = YES;
				CLANG_WARN_DIRECT_OBJC_ISA_USAGE = YES_ERROR;
				CLANG_WARN_DOCUMENTATION_COMMENTS = YES;
				CLANG_WARN_EMPTY_BODY = YES;
				CLANG_WARN_ENUM_CONVERSION = YES;
				CLANG_WARN_INFINITE_RECURSION = YES;
				CLANG_WARN_INT_CONVERSION = YES;
				CLANG_WARN_NON_LITERAL_NULL_CONVERSION = YES;
				CLANG_WARN_OBJC_IMPLICIT_RETAIN_SELF = YES;
				CLANG_WARN_OBJC_LITERAL_CONVERSION = YES;
				CLANG_WARN_OBJC_ROOT_CLASS = YES_ERROR;
				CLANG_WARN_QUOTED_INCLUDE_IN_FRAMEWORK_HEADER = YES;
				CLANG_WARN_RANGE_LOOP_ANALYSIS = YES;
				CLANG_WARN_STRICT_PROTOTYPES = YES;
				CLANG_WARN_SUSPICIOUS_MOVE = YES;
				CLANG_WARN_UNGUARDED_AVAILABILITY = YES_AGGRESSIVE;
				CLANG_WARN_UNREACHABLE_CODE = YES;
				CLANG_WARN__DUPLICATE_METHOD_MATCH = YES;
				COPY_PHASE_STRIP = NO;
				DEBUG_INFORMATION_FORMAT = dwarf;
				ENABLE_STRICT_OBJC_MSGSEND = YES;
				ENABLE_TESTABILITY = YES;
				GCC_C_LANGUAGE_STANDARD = gnu11;
				GCC_DYNAMIC_NO_PIC = NO;
				GCC_NO_COMMON_BLOCKS = YES;
				GCC_OPTIMIZATION_LEVEL = 0;
				GCC_PREPROCESSOR_DEFINITIONS = (
					"DEBUG=1",
					"$(inherited)",
				);
				GCC_WARN_64_TO_32_BIT_CONVERSION = YES;
				GCC_WARN_ABOUT_RETURN_TYPE = YES_ERROR;
				GCC_WARN_UNDECLARED_SELECTOR = YES;
				GCC_WARN_UNINITIALIZED_AUTOS = YES_AGGRESSIVE;
				GCC_WARN_UNUSED_FUNCTION = YES;
				GCC_WARN_UNUSED_VARIABLE = YES;
				IPHONEOS_DEPLOYMENT_TARGET = 15.5;
				MTL_ENABLE_DEBUG_INFO = INCLUDE_SOURCE;
				MTL_FAST_MATH = YES;
				ONLY_ACTIVE_ARCH = YES;
				SDKROOT = iphoneos;
				SWIFT_ACTIVE_COMPILATION_CONDITIONS = DEBUG;
				SWIFT_OPTIMIZATION_LEVEL = "-Onone";
			};
			name = Debug;
		};
		1443C2B628BDE15900FF7844 /* Release */ = {
			isa = XCBuildConfiguration;
			buildSettings = {
				ALWAYS_SEARCH_USER_PATHS = NO;
				CLANG_ANALYZER_NONNULL = YES;
				CLANG_ANALYZER_NUMBER_OBJECT_CONVERSION = YES_AGGRESSIVE;
				CLANG_CXX_LANGUAGE_STANDARD = "gnu++17";
				CLANG_ENABLE_MODULES = YES;
				CLANG_ENABLE_OBJC_ARC = YES;
				CLANG_ENABLE_OBJC_WEAK = YES;
				CLANG_WARN_BLOCK_CAPTURE_AUTORELEASING = YES;
				CLANG_WARN_BOOL_CONVERSION = YES;
				CLANG_WARN_COMMA = YES;
				CLANG_WARN_CONSTANT_CONVERSION = YES;
				CLANG_WARN_DEPRECATED_OBJC_IMPLEMENTATIONS = YES;
				CLANG_WARN_DIRECT_OBJC_ISA_USAGE = YES_ERROR;
				CLANG_WARN_DOCUMENTATION_COMMENTS = YES;
				CLANG_WARN_EMPTY_BODY = YES;
				CLANG_WARN_ENUM_CONVERSION = YES;
				CLANG_WARN_INFINITE_RECURSION = YES;
				CLANG_WARN_INT_CONVERSION = YES;
				CLANG_WARN_NON_LITERAL_NULL_CONVERSION = YES;
				CLANG_WARN_OBJC_IMPLICIT_RETAIN_SELF = YES;
				CLANG_WARN_OBJC_LITERAL_CONVERSION = YES;
				CLANG_WARN_OBJC_ROOT_CLASS = YES_ERROR;
				CLANG_WARN_QUOTED_INCLUDE_IN_FRAMEWORK_HEADER = YES;
				CLANG_WARN_RANGE_LOOP_ANALYSIS = YES;
				CLANG_WARN_STRICT_PROTOTYPES = YES;
				CLANG_WARN_SUSPICIOUS_MOVE = YES;
				CLANG_WARN_UNGUARDED_AVAILABILITY = YES_AGGRESSIVE;
				CLANG_WARN_UNREACHABLE_CODE = YES;
				CLANG_WARN__DUPLICATE_METHOD_MATCH = YES;
				COPY_PHASE_STRIP = NO;
				DEBUG_INFORMATION_FORMAT = "dwarf-with-dsym";
				ENABLE_NS_ASSERTIONS = NO;
				ENABLE_STRICT_OBJC_MSGSEND = YES;
				GCC_C_LANGUAGE_STANDARD = gnu11;
				GCC_NO_COMMON_BLOCKS = YES;
				GCC_WARN_64_TO_32_BIT_CONVERSION = YES;
				GCC_WARN_ABOUT_RETURN_TYPE = YES_ERROR;
				GCC_WARN_UNDECLARED_SELECTOR = YES;
				GCC_WARN_UNINITIALIZED_AUTOS = YES_AGGRESSIVE;
				GCC_WARN_UNUSED_FUNCTION = YES;
				GCC_WARN_UNUSED_VARIABLE = YES;
				IPHONEOS_DEPLOYMENT_TARGET = 15.5;
				MTL_ENABLE_DEBUG_INFO = NO;
				MTL_FAST_MATH = YES;
				SDKROOT = iphoneos;
				SWIFT_COMPILATION_MODE = wholemodule;
				SWIFT_OPTIMIZATION_LEVEL = "-O";
				VALIDATE_PRODUCT = YES;
			};
			name = Release;
		};
		1443C2B828BDE15900FF7844 /* Debug */ = {
			isa = XCBuildConfiguration;
			buildSettings = {
				ASSETCATALOG_COMPILER_APPICON_NAME = AppIcon;
				ASSETCATALOG_COMPILER_GLOBAL_ACCENT_COLOR_NAME = AccentColor;
				CODE_SIGN_STYLE = Automatic;
				CURRENT_PROJECT_VERSION = 1;
				DEVELOPMENT_TEAM = ZQV4ZDQNW5;
				GENERATE_INFOPLIST_FILE = YES;
				INFOPLIST_FILE = AppStoreStyleService/Info.plist;
				INFOPLIST_KEY_UIApplicationSupportsIndirectInputEvents = YES;
				INFOPLIST_KEY_UILaunchStoryboardName = LaunchScreen;
				INFOPLIST_KEY_UISupportedInterfaceOrientations_iPad = "UIInterfaceOrientationPortrait UIInterfaceOrientationPortraitUpsideDown UIInterfaceOrientationLandscapeLeft UIInterfaceOrientationLandscapeRight";
				INFOPLIST_KEY_UISupportedInterfaceOrientations_iPhone = "UIInterfaceOrientationPortrait UIInterfaceOrientationLandscapeLeft UIInterfaceOrientationLandscapeRight";
				LD_RUNPATH_SEARCH_PATHS = (
					"$(inherited)",
					"@executable_path/Frameworks",
				);
				MARKETING_VERSION = 1.0;
				PRODUCT_BUNDLE_IDENTIFIER = com.tistory.88yhtserof.AppStoreStyleService;
				PRODUCT_NAME = "$(TARGET_NAME)";
				SWIFT_EMIT_LOC_STRINGS = YES;
				SWIFT_VERSION = 5.0;
				TARGETED_DEVICE_FAMILY = "1,2";
			};
			name = Debug;
		};
		1443C2B928BDE15900FF7844 /* Release */ = {
			isa = XCBuildConfiguration;
			buildSettings = {
				ASSETCATALOG_COMPILER_APPICON_NAME = AppIcon;
				ASSETCATALOG_COMPILER_GLOBAL_ACCENT_COLOR_NAME = AccentColor;
				CODE_SIGN_STYLE = Automatic;
				CURRENT_PROJECT_VERSION = 1;
				DEVELOPMENT_TEAM = ZQV4ZDQNW5;
				GENERATE_INFOPLIST_FILE = YES;
				INFOPLIST_FILE = AppStoreStyleService/Info.plist;
				INFOPLIST_KEY_UIApplicationSupportsIndirectInputEvents = YES;
				INFOPLIST_KEY_UILaunchStoryboardName = LaunchScreen;
				INFOPLIST_KEY_UISupportedInterfaceOrientations_iPad = "UIInterfaceOrientationPortrait UIInterfaceOrientationPortraitUpsideDown UIInterfaceOrientationLandscapeLeft UIInterfaceOrientationLandscapeRight";
				INFOPLIST_KEY_UISupportedInterfaceOrientations_iPhone = "UIInterfaceOrientationPortrait UIInterfaceOrientationLandscapeLeft UIInterfaceOrientationLandscapeRight";
				LD_RUNPATH_SEARCH_PATHS = (
					"$(inherited)",
					"@executable_path/Frameworks",
				);
				MARKETING_VERSION = 1.0;
				PRODUCT_BUNDLE_IDENTIFIER = com.tistory.88yhtserof.AppStoreStyleService;
				PRODUCT_NAME = "$(TARGET_NAME)";
				SWIFT_EMIT_LOC_STRINGS = YES;
				SWIFT_VERSION = 5.0;
				TARGETED_DEVICE_FAMILY = "1,2";
			};
			name = Release;
		};
/* End XCBuildConfiguration section */

/* Begin XCConfigurationList section */
		1443C29E28BDE15800FF7844 /* Build configuration list for PBXProject "AppStoreStyleService" */ = {
			isa = XCConfigurationList;
			buildConfigurations = (
				1443C2B528BDE15900FF7844 /* Debug */,
				1443C2B628BDE15900FF7844 /* Release */,
			);
			defaultConfigurationIsVisible = 0;
			defaultConfigurationName = Release;
		};
		1443C2B728BDE15900FF7844 /* Build configuration list for PBXNativeTarget "AppStoreStyleService" */ = {
			isa = XCConfigurationList;
			buildConfigurations = (
				1443C2B828BDE15900FF7844 /* Debug */,
				1443C2B928BDE15900FF7844 /* Release */,
			);
			defaultConfigurationIsVisible = 0;
			defaultConfigurationName = Release;
		};
/* End XCConfigurationList section */

/* Begin XCRemoteSwiftPackageReference section */
		1443C2BC28BDE5E000FF7844 /* XCRemoteSwiftPackageReference "SnapKit" */ = {
			isa = XCRemoteSwiftPackageReference;
			repositoryURL = "https://github.com/SnapKit/SnapKit.git";
			requirement = {
				kind = upToNextMajorVersion;
				minimumVersion = 5.0.0;
			};
		};
		1443C2BF28BDE5FB00FF7844 /* XCRemoteSwiftPackageReference "Kingfisher" */ = {
			isa = XCRemoteSwiftPackageReference;
			repositoryURL = "https://github.com/onevcat/Kingfisher.git";
			requirement = {
				kind = upToNextMinorVersion;
				minimumVersion = 7.3.0;
			};
		};
/* End XCRemoteSwiftPackageReference section */

/* Begin XCSwiftPackageProductDependency section */
		1443C2BD28BDE5E000FF7844 /* SnapKit */ = {
			isa = XCSwiftPackageProductDependency;
			package = 1443C2BC28BDE5E000FF7844 /* XCRemoteSwiftPackageReference "SnapKit" */;
			productName = SnapKit;
		};
		1443C2C028BDE5FB00FF7844 /* Kingfisher */ = {
			isa = XCSwiftPackageProductDependency;
			package = 1443C2BF28BDE5FB00FF7844 /* XCRemoteSwiftPackageReference "Kingfisher" */;
			productName = Kingfisher;
		};
/* End XCSwiftPackageProductDependency section */
	};
	rootObject = 1443C29B28BDE15800FF7844 /* Project object */;
}
