// !$*UTF8*$!
{
	archiveVersion = 1;
	classes = {
	};
	objectVersion = 55;
	objects = {

/* Begin PBXBuildFile section */
		142025B628B20F76008A6187 /* ContentMainCollectionViewCell.swift in Sources */ = {isa = PBXBuildFile; fileRef = 142025B528B20F76008A6187 /* ContentMainCollectionViewCell.swift */; };
		142025B828B20FE1008A6187 /* UIButton.swift in Sources */ = {isa = PBXBuildFile; fileRef = 142025B728B20FE1008A6187 /* UIButton.swift */; };
		1465A0B228ADF51300B3BC19 /* AppDelegate.swift in Sources */ = {isa = PBXBuildFile; fileRef = 1465A0B128ADF51300B3BC19 /* AppDelegate.swift */; };
		1465A0B428ADF51300B3BC19 /* SceneDelegate.swift in Sources */ = {isa = PBXBuildFile; fileRef = 1465A0B328ADF51300B3BC19 /* SceneDelegate.swift */; };
		1465A0BB28ADF51600B3BC19 /* Assets.xcassets in Resources */ = {isa = PBXBuildFile; fileRef = 1465A0BA28ADF51600B3BC19 /* Assets.xcassets */; };
		1465A0BE28ADF51600B3BC19 /* LaunchScreen.storyboard in Resources */ = {isa = PBXBuildFile; fileRef = 1465A0BC28ADF51600B3BC19 /* LaunchScreen.storyboard */; };
		1465A0C628ADF5AA00B3BC19 /* HomeViewController.swift in Sources */ = {isa = PBXBuildFile; fileRef = 1465A0C528ADF5AA00B3BC19 /* HomeViewController.swift */; };
		1465A0C928ADFA6500B3BC19 /* SnapKit in Frameworks */ = {isa = PBXBuildFile; productRef = 1465A0C828ADFA6500B3BC19 /* SnapKit */; };
		1465A0CB28AE097E00B3BC19 /* Content.plist in Resources */ = {isa = PBXBuildFile; fileRef = 1465A0CA28AE097E00B3BC19 /* Content.plist */; };
		1465A0CD28AE0A1B00B3BC19 /* Content.swift in Sources */ = {isa = PBXBuildFile; fileRef = 1465A0CC28AE0A1B00B3BC19 /* Content.swift */; };
		1465A0CF28AE22AF00B3BC19 /* ContentCollectionViewCell.swift in Sources */ = {isa = PBXBuildFile; fileRef = 1465A0CE28AE22AF00B3BC19 /* ContentCollectionViewCell.swift */; };
		1465A0D128AE339300B3BC19 /* ContentCollectionViewHeader.swift in Sources */ = {isa = PBXBuildFile; fileRef = 1465A0D028AE339300B3BC19 /* ContentCollectionViewHeader.swift */; };
		14A3039D28B0C63E0095CCCD /* ContentRankCollectionViewCell.swift in Sources */ = {isa = PBXBuildFile; fileRef = 14A3039C28B0C63E0095CCCD /* ContentRankCollectionViewCell.swift */; };
/* End PBXBuildFile section */

/* Begin PBXFileReference section */
		142025B528B20F76008A6187 /* ContentMainCollectionViewCell.swift */ = {isa = PBXFileReference; lastKnownFileType = sourcecode.swift; path = ContentMainCollectionViewCell.swift; sourceTree = "<group>"; };
		142025B728B20FE1008A6187 /* UIButton.swift */ = {isa = PBXFileReference; lastKnownFileType = sourcecode.swift; path = UIButton.swift; sourceTree = "<group>"; };
		1465A0AE28ADF51300B3BC19 /* NetflixMovieRecommendation.app */ = {isa = PBXFileReference; explicitFileType = wrapper.application; includeInIndex = 0; path = NetflixMovieRecommendation.app; sourceTree = BUILT_PRODUCTS_DIR; };
		1465A0B128ADF51300B3BC19 /* AppDelegate.swift */ = {isa = PBXFileReference; lastKnownFileType = sourcecode.swift; path = AppDelegate.swift; sourceTree = "<group>"; };
		1465A0B328ADF51300B3BC19 /* SceneDelegate.swift */ = {isa = PBXFileReference; lastKnownFileType = sourcecode.swift; path = SceneDelegate.swift; sourceTree = "<group>"; };
		1465A0BA28ADF51600B3BC19 /* Assets.xcassets */ = {isa = PBXFileReference; lastKnownFileType = folder.assetcatalog; path = Assets.xcassets; sourceTree = "<group>"; };
		1465A0BD28ADF51600B3BC19 /* Base */ = {isa = PBXFileReference; lastKnownFileType = file.storyboard; name = Base; path = Base.lproj/LaunchScreen.storyboard; sourceTree = "<group>"; };
		1465A0BF28ADF51600B3BC19 /* Info.plist */ = {isa = PBXFileReference; lastKnownFileType = text.plist.xml; path = Info.plist; sourceTree = "<group>"; };
		1465A0C528ADF5AA00B3BC19 /* HomeViewController.swift */ = {isa = PBXFileReference; lastKnownFileType = sourcecode.swift; path = HomeViewController.swift; sourceTree = "<group>"; };
		1465A0CA28AE097E00B3BC19 /* Content.plist */ = {isa = PBXFileReference; fileEncoding = 4; lastKnownFileType = text.plist.xml; path = Content.plist; sourceTree = "<group>"; };
		1465A0CC28AE0A1B00B3BC19 /* Content.swift */ = {isa = PBXFileReference; lastKnownFileType = sourcecode.swift; path = Content.swift; sourceTree = "<group>"; };
		1465A0CE28AE22AF00B3BC19 /* ContentCollectionViewCell.swift */ = {isa = PBXFileReference; lastKnownFileType = sourcecode.swift; path = ContentCollectionViewCell.swift; sourceTree = "<group>"; };
		1465A0D028AE339300B3BC19 /* ContentCollectionViewHeader.swift */ = {isa = PBXFileReference; lastKnownFileType = sourcecode.swift; path = ContentCollectionViewHeader.swift; sourceTree = "<group>"; };
		14A3039C28B0C63E0095CCCD /* ContentRankCollectionViewCell.swift */ = {isa = PBXFileReference; lastKnownFileType = sourcecode.swift; path = ContentRankCollectionViewCell.swift; sourceTree = "<group>"; };
/* End PBXFileReference section */

/* Begin PBXFrameworksBuildPhase section */
		1465A0AB28ADF51300B3BC19 /* Frameworks */ = {
			isa = PBXFrameworksBuildPhase;
			buildActionMask = 2147483647;
			files = (
				1465A0C928ADFA6500B3BC19 /* SnapKit in Frameworks */,
			);
			runOnlyForDeploymentPostprocessing = 0;
		};
/* End PBXFrameworksBuildPhase section */

/* Begin PBXGroup section */
		1465A0A528ADF51300B3BC19 = {
			isa = PBXGroup;
			children = (
				1465A0B028ADF51300B3BC19 /* NetflixMovieRecommendation */,
				1465A0AF28ADF51300B3BC19 /* Products */,
			);
			sourceTree = "<group>";
		};
		1465A0AF28ADF51300B3BC19 /* Products */ = {
			isa = PBXGroup;
			children = (
				1465A0AE28ADF51300B3BC19 /* NetflixMovieRecommendation.app */,
			);
			name = Products;
			sourceTree = "<group>";
		};
		1465A0B028ADF51300B3BC19 /* NetflixMovieRecommendation */ = {
			isa = PBXGroup;
			children = (
				1465A0B128ADF51300B3BC19 /* AppDelegate.swift */,
				1465A0B328ADF51300B3BC19 /* SceneDelegate.swift */,
				1465A0BA28ADF51600B3BC19 /* Assets.xcassets */,
				1465A0BC28ADF51600B3BC19 /* LaunchScreen.storyboard */,
				1465A0BF28ADF51600B3BC19 /* Info.plist */,
				1465A0C528ADF5AA00B3BC19 /* HomeViewController.swift */,
				1465A0CA28AE097E00B3BC19 /* Content.plist */,
				1465A0CC28AE0A1B00B3BC19 /* Content.swift */,
				1465A0CE28AE22AF00B3BC19 /* ContentCollectionViewCell.swift */,
				1465A0D028AE339300B3BC19 /* ContentCollectionViewHeader.swift */,
				14A3039C28B0C63E0095CCCD /* ContentRankCollectionViewCell.swift */,
				142025B528B20F76008A6187 /* ContentMainCollectionViewCell.swift */,
				142025B728B20FE1008A6187 /* UIButton.swift */,
			);
			path = NetflixMovieRecommendation;
			sourceTree = "<group>";
		};
/* End PBXGroup section */

/* Begin PBXNativeTarget section */
		1465A0AD28ADF51300B3BC19 /* NetflixMovieRecommendation */ = {
			isa = PBXNativeTarget;
			buildConfigurationList = 1465A0C228ADF51600B3BC19 /* Build configuration list for PBXNativeTarget "NetflixMovieRecommendation" */;
			buildPhases = (
				1465A0AA28ADF51300B3BC19 /* Sources */,
				1465A0AB28ADF51300B3BC19 /* Frameworks */,
				1465A0AC28ADF51300B3BC19 /* Resources */,
			);
			buildRules = (
			);
			dependencies = (
			);
			name = NetflixMovieRecommendation;
			packageProductDependencies = (
				1465A0C828ADFA6500B3BC19 /* SnapKit */,
			);
			productName = NetflixMovieRecommendation;
			productReference = 1465A0AE28ADF51300B3BC19 /* NetflixMovieRecommendation.app */;
			productType = "com.apple.product-type.application";
		};
/* End PBXNativeTarget section */

/* Begin PBXProject section */
		1465A0A628ADF51300B3BC19 /* Project object */ = {
			isa = PBXProject;
			attributes = {
				BuildIndependentTargetsInParallel = 1;
				LastSwiftUpdateCheck = 1340;
				LastUpgradeCheck = 1340;
				TargetAttributes = {
					1465A0AD28ADF51300B3BC19 = {
						CreatedOnToolsVersion = 13.4.1;
					};
				};
			};
			buildConfigurationList = 1465A0A928ADF51300B3BC19 /* Build configuration list for PBXProject "NetflixMovieRecommendation" */;
			compatibilityVersion = "Xcode 13.0";
			developmentRegion = en;
			hasScannedForEncodings = 0;
			knownRegions = (
				en,
				Base,
			);
			mainGroup = 1465A0A528ADF51300B3BC19;
			packageReferences = (
				1465A0C728ADFA6500B3BC19 /* XCRemoteSwiftPackageReference "SnapKit" */,
			);
			productRefGroup = 1465A0AF28ADF51300B3BC19 /* Products */;
			projectDirPath = "";
			projectRoot = "";
			targets = (
				1465A0AD28ADF51300B3BC19 /* NetflixMovieRecommendation */,
			);
		};
/* End PBXProject section */

/* Begin PBXResourcesBuildPhase section */
		1465A0AC28ADF51300B3BC19 /* Resources */ = {
			isa = PBXResourcesBuildPhase;
			buildActionMask = 2147483647;
			files = (
				1465A0BE28ADF51600B3BC19 /* LaunchScreen.storyboard in Resources */,
				1465A0BB28ADF51600B3BC19 /* Assets.xcassets in Resources */,
				1465A0CB28AE097E00B3BC19 /* Content.plist in Resources */,
			);
			runOnlyForDeploymentPostprocessing = 0;
		};
/* End PBXResourcesBuildPhase section */

/* Begin PBXSourcesBuildPhase section */
		1465A0AA28ADF51300B3BC19 /* Sources */ = {
			isa = PBXSourcesBuildPhase;
			buildActionMask = 2147483647;
			files = (
				14A3039D28B0C63E0095CCCD /* ContentRankCollectionViewCell.swift in Sources */,
				1465A0B228ADF51300B3BC19 /* AppDelegate.swift in Sources */,
				1465A0D128AE339300B3BC19 /* ContentCollectionViewHeader.swift in Sources */,
				1465A0B428ADF51300B3BC19 /* SceneDelegate.swift in Sources */,
				1465A0C628ADF5AA00B3BC19 /* HomeViewController.swift in Sources */,
				142025B628B20F76008A6187 /* ContentMainCollectionViewCell.swift in Sources */,
				1465A0CD28AE0A1B00B3BC19 /* Content.swift in Sources */,
				1465A0CF28AE22AF00B3BC19 /* ContentCollectionViewCell.swift in Sources */,
				142025B828B20FE1008A6187 /* UIButton.swift in Sources */,
			);
			runOnlyForDeploymentPostprocessing = 0;
		};
/* End PBXSourcesBuildPhase section */

/* Begin PBXVariantGroup section */
		1465A0BC28ADF51600B3BC19 /* LaunchScreen.storyboard */ = {
			isa = PBXVariantGroup;
			children = (
				1465A0BD28ADF51600B3BC19 /* Base */,
			);
			name = LaunchScreen.storyboard;
			sourceTree = "<group>";
		};
/* End PBXVariantGroup section */

/* Begin XCBuildConfiguration section */
		1465A0C028ADF51600B3BC19 /* Debug */ = {
			isa = XCBuildConfiguration;
			buildSettings = {
				ALWAYS_SEARCH_USER_PATHS = NO;
				CLANG_ANALYZER_NONNULL = YES;
				CLANG_ANALYZER_NUMBER_OBJECT_CONVERSION = YES_AGGRESSIVE;
				CLANG_CXX_LANGUAGE_STANDARD = "gnu++17";
				CLANG_ENABLE_MODULES = YES;
				CLANG_ENABLE_OBJC_ARC = YES;
				CLANG_ENABLE_OBJC_WEAK = YES;
				CLANG_WARN_BLOCK_CAPTURE_AUTORELEASING = YES;
				CLANG_WARN_BOOL_CONVERSION = YES;
				CLANG_WARN_COMMA = YES;
				CLANG_WARN_CONSTANT_CONVERSION = YES;
				CLANG_WARN_DEPRECATED_OBJC_IMPLEMENTATIONS = YES;
				CLANG_WARN_DIRECT_OBJC_ISA_USAGE = YES_ERROR;
				CLANG_WARN_DOCUMENTATION_COMMENTS = YES;
				CLANG_WARN_EMPTY_BODY = YES;
				CLANG_WARN_ENUM_CONVERSION = YES;
				CLANG_WARN_INFINITE_RECURSION = YES;
				CLANG_WARN_INT_CONVERSION = YES;
				CLANG_WARN_NON_LITERAL_NULL_CONVERSION = YES;
				CLANG_WARN_OBJC_IMPLICIT_RETAIN_SELF = YES;
				CLANG_WARN_OBJC_LITERAL_CONVERSION = YES;
				CLANG_WARN_OBJC_ROOT_CLASS = YES_ERROR;
				CLANG_WARN_QUOTED_INCLUDE_IN_FRAMEWORK_HEADER = YES;
				CLANG_WARN_RANGE_LOOP_ANALYSIS = YES;
				CLANG_WARN_STRICT_PROTOTYPES = YES;
				CLANG_WARN_SUSPICIOUS_MOVE = YES;
				CLANG_WARN_UNGUARDED_AVAILABILITY = YES_AGGRESSIVE;
				CLANG_WARN_UNREACHABLE_CODE = YES;
				CLANG_WARN__DUPLICATE_METHOD_MATCH = YES;
				COPY_PHASE_STRIP = NO;
				DEBUG_INFORMATION_FORMAT = dwarf;
				ENABLE_STRICT_OBJC_MSGSEND = YES;
				ENABLE_TESTABILITY = YES;
				GCC_C_LANGUAGE_STANDARD = gnu11;
				GCC_DYNAMIC_NO_PIC = NO;
				GCC_NO_COMMON_BLOCKS = YES;
				GCC_OPTIMIZATION_LEVEL = 0;
				GCC_PREPROCESSOR_DEFINITIONS = (
					"DEBUG=1",
					"$(inherited)",
				);
				GCC_WARN_64_TO_32_BIT_CONVERSION = YES;
				GCC_WARN_ABOUT_RETURN_TYPE = YES_ERROR;
				GCC_WARN_UNDECLARED_SELECTOR = YES;
				GCC_WARN_UNINITIALIZED_AUTOS = YES_AGGRESSIVE;
				GCC_WARN_UNUSED_FUNCTION = YES;
				GCC_WARN_UNUSED_VARIABLE = YES;
				IPHONEOS_DEPLOYMENT_TARGET = 15.5;
				MTL_ENABLE_DEBUG_INFO = INCLUDE_SOURCE;
				MTL_FAST_MATH = YES;
				ONLY_ACTIVE_ARCH = YES;
				SDKROOT = iphoneos;
				SWIFT_ACTIVE_COMPILATION_CONDITIONS = DEBUG;
				SWIFT_OPTIMIZATION_LEVEL = "-Onone";
			};
			name = Debug;
		};
		1465A0C128ADF51600B3BC19 /* Release */ = {
			isa = XCBuildConfiguration;
			buildSettings = {
				ALWAYS_SEARCH_USER_PATHS = NO;
				CLANG_ANALYZER_NONNULL = YES;
				CLANG_ANALYZER_NUMBER_OBJECT_CONVERSION = YES_AGGRESSIVE;
				CLANG_CXX_LANGUAGE_STANDARD = "gnu++17";
				CLANG_ENABLE_MODULES = YES;
				CLANG_ENABLE_OBJC_ARC = YES;
				CLANG_ENABLE_OBJC_WEAK = YES;
				CLANG_WARN_BLOCK_CAPTURE_AUTORELEASING = YES;
				CLANG_WARN_BOOL_CONVERSION = YES;
				CLANG_WARN_COMMA = YES;
				CLANG_WARN_CONSTANT_CONVERSION = YES;
				CLANG_WARN_DEPRECATED_OBJC_IMPLEMENTATIONS = YES;
				CLANG_WARN_DIRECT_OBJC_ISA_USAGE = YES_ERROR;
				CLANG_WARN_DOCUMENTATION_COMMENTS = YES;
				CLANG_WARN_EMPTY_BODY = YES;
				CLANG_WARN_ENUM_CONVERSION = YES;
				CLANG_WARN_INFINITE_RECURSION = YES;
				CLANG_WARN_INT_CONVERSION = YES;
				CLANG_WARN_NON_LITERAL_NULL_CONVERSION = YES;
				CLANG_WARN_OBJC_IMPLICIT_RETAIN_SELF = YES;
				CLANG_WARN_OBJC_LITERAL_CONVERSION = YES;
				CLANG_WARN_OBJC_ROOT_CLASS = YES_ERROR;
				CLANG_WARN_QUOTED_INCLUDE_IN_FRAMEWORK_HEADER = YES;
				CLANG_WARN_RANGE_LOOP_ANALYSIS = YES;
				CLANG_WARN_STRICT_PROTOTYPES = YES;
				CLANG_WARN_SUSPICIOUS_MOVE = YES;
				CLANG_WARN_UNGUARDED_AVAILABILITY = YES_AGGRESSIVE;
				CLANG_WARN_UNREACHABLE_CODE = YES;
				CLANG_WARN__DUPLICATE_METHOD_MATCH = YES;
				COPY_PHASE_STRIP = NO;
				DEBUG_INFORMATION_FORMAT = "dwarf-with-dsym";
				ENABLE_NS_ASSERTIONS = NO;
				ENABLE_STRICT_OBJC_MSGSEND = YES;
				GCC_C_LANGUAGE_STANDARD = gnu11;
				GCC_NO_COMMON_BLOCKS = YES;
				GCC_WARN_64_TO_32_BIT_CONVERSION = YES;
				GCC_WARN_ABOUT_RETURN_TYPE = YES_ERROR;
				GCC_WARN_UNDECLARED_SELECTOR = YES;
				GCC_WARN_UNINITIALIZED_AUTOS = YES_AGGRESSIVE;
				GCC_WARN_UNUSED_FUNCTION = YES;
				GCC_WARN_UNUSED_VARIABLE = YES;
				IPHONEOS_DEPLOYMENT_TARGET = 15.5;
				MTL_ENABLE_DEBUG_INFO = NO;
				MTL_FAST_MATH = YES;
				SDKROOT = iphoneos;
				SWIFT_COMPILATION_MODE = wholemodule;
				SWIFT_OPTIMIZATION_LEVEL = "-O";
				VALIDATE_PRODUCT = YES;
			};
			name = Release;
		};
		1465A0C328ADF51600B3BC19 /* Debug */ = {
			isa = XCBuildConfiguration;
			buildSettings = {
				ASSETCATALOG_COMPILER_APPICON_NAME = AppIcon;
				ASSETCATALOG_COMPILER_GLOBAL_ACCENT_COLOR_NAME = AccentColor;
				CODE_SIGN_STYLE = Automatic;
				CURRENT_PROJECT_VERSION = 1;
				DEVELOPMENT_TEAM = ZQV4ZDQNW5;
				GENERATE_INFOPLIST_FILE = YES;
				INFOPLIST_FILE = NetflixMovieRecommendation/Info.plist;
				INFOPLIST_KEY_UIApplicationSupportsIndirectInputEvents = YES;
				INFOPLIST_KEY_UILaunchStoryboardName = LaunchScreen;
				INFOPLIST_KEY_UISupportedInterfaceOrientations_iPad = "UIInterfaceOrientationPortrait UIInterfaceOrientationPortraitUpsideDown UIInterfaceOrientationLandscapeLeft UIInterfaceOrientationLandscapeRight";
				INFOPLIST_KEY_UISupportedInterfaceOrientations_iPhone = "UIInterfaceOrientationPortrait UIInterfaceOrientationLandscapeLeft UIInterfaceOrientationLandscapeRight";
				LD_RUNPATH_SEARCH_PATHS = (
					"$(inherited)",
					"@executable_path/Frameworks",
				);
				MARKETING_VERSION = 1.0;
				PRODUCT_BUNDLE_IDENTIFIER = com.tistory.88yhtserof.NetflixMovieRecommendation;
				PRODUCT_NAME = "$(TARGET_NAME)";
				SWIFT_EMIT_LOC_STRINGS = YES;
				SWIFT_VERSION = 5.0;
				TARGETED_DEVICE_FAMILY = "1,2";
			};
			name = Debug;
		};
		1465A0C428ADF51600B3BC19 /* Release */ = {
			isa = XCBuildConfiguration;
			buildSettings = {
				ASSETCATALOG_COMPILER_APPICON_NAME = AppIcon;
				ASSETCATALOG_COMPILER_GLOBAL_ACCENT_COLOR_NAME = AccentColor;
				CODE_SIGN_STYLE = Automatic;
				CURRENT_PROJECT_VERSION = 1;
				DEVELOPMENT_TEAM = ZQV4ZDQNW5;
				GENERATE_INFOPLIST_FILE = YES;
				INFOPLIST_FILE = NetflixMovieRecommendation/Info.plist;
				INFOPLIST_KEY_UIApplicationSupportsIndirectInputEvents = YES;
				INFOPLIST_KEY_UILaunchStoryboardName = LaunchScreen;
				INFOPLIST_KEY_UISupportedInterfaceOrientations_iPad = "UIInterfaceOrientationPortrait UIInterfaceOrientationPortraitUpsideDown UIInterfaceOrientationLandscapeLeft UIInterfaceOrientationLandscapeRight";
				INFOPLIST_KEY_UISupportedInterfaceOrientations_iPhone = "UIInterfaceOrientationPortrait UIInterfaceOrientationLandscapeLeft UIInterfaceOrientationLandscapeRight";
				LD_RUNPATH_SEARCH_PATHS = (
					"$(inherited)",
					"@executable_path/Frameworks",
				);
				MARKETING_VERSION = 1.0;
				PRODUCT_BUNDLE_IDENTIFIER = com.tistory.88yhtserof.NetflixMovieRecommendation;
				PRODUCT_NAME = "$(TARGET_NAME)";
				SWIFT_EMIT_LOC_STRINGS = YES;
				SWIFT_VERSION = 5.0;
				TARGETED_DEVICE_FAMILY = "1,2";
			};
			name = Release;
		};
/* End XCBuildConfiguration section */

/* Begin XCConfigurationList section */
		1465A0A928ADF51300B3BC19 /* Build configuration list for PBXProject "NetflixMovieRecommendation" */ = {
			isa = XCConfigurationList;
			buildConfigurations = (
				1465A0C028ADF51600B3BC19 /* Debug */,
				1465A0C128ADF51600B3BC19 /* Release */,
			);
			defaultConfigurationIsVisible = 0;
			defaultConfigurationName = Release;
		};
		1465A0C228ADF51600B3BC19 /* Build configuration list for PBXNativeTarget "NetflixMovieRecommendation" */ = {
			isa = XCConfigurationList;
			buildConfigurations = (
				1465A0C328ADF51600B3BC19 /* Debug */,
				1465A0C428ADF51600B3BC19 /* Release */,
			);
			defaultConfigurationIsVisible = 0;
			defaultConfigurationName = Release;
		};
/* End XCConfigurationList section */

/* Begin XCRemoteSwiftPackageReference section */
		1465A0C728ADFA6500B3BC19 /* XCRemoteSwiftPackageReference "SnapKit" */ = {
			isa = XCRemoteSwiftPackageReference;
			repositoryURL = "https://github.com/SnapKit/SnapKit.git";
			requirement = {
				branch = develop;
				kind = branch;
			};
		};
/* End XCRemoteSwiftPackageReference section */

/* Begin XCSwiftPackageProductDependency section */
		1465A0C828ADFA6500B3BC19 /* SnapKit */ = {
			isa = XCSwiftPackageProductDependency;
			package = 1465A0C728ADFA6500B3BC19 /* XCRemoteSwiftPackageReference "SnapKit" */;
			productName = SnapKit;
		};
/* End XCSwiftPackageProductDependency section */
	};
	rootObject = 1465A0A628ADF51300B3BC19 /* Project object */;
}
